// !$*UTF8*$!
{
	archiveVersion = 1;
	classes = {
	};
	objectVersion = 45;
	objects = {

/* Begin PBXBuildFile section */
		4770AB670F82DCDE00F287B3 /* FKFunctionCommonTests.m in Sources */ = {isa = PBXBuildFile; fileRef = 4770AB660F82DCDE00F287B3 /* FKFunctionCommonTests.m */; };
		47B07DAB0F96E38500503E8B /* FKEffect.m in Sources */ = {isa = PBXBuildFile; fileRef = 47B07D830F96E38500503E8B /* FKEffect.m */; };
		47B07DAC0F96E38500503E8B /* FKEither.m in Sources */ = {isa = PBXBuildFile; fileRef = 47B07D850F96E38500503E8B /* FKEither.m */; };
		47B07DAD0F96E38500503E8B /* FKFunction+Common.m in Sources */ = {isa = PBXBuildFile; fileRef = 47B07D870F96E38500503E8B /* FKFunction+Common.m */; };
		47B07DAE0F96E38500503E8B /* FKFunction.m in Sources */ = {isa = PBXBuildFile; fileRef = 47B07D890F96E38500503E8B /* FKFunction.m */; };
		47B07DAF0F96E38500503E8B /* FKOption.m in Sources */ = {isa = PBXBuildFile; fileRef = 47B07D8D0F96E38500503E8B /* FKOption.m */; };
		47B07DB00F96E38500503E8B /* FKP1.m in Sources */ = {isa = PBXBuildFile; fileRef = 47B07D8F0F96E38500503E8B /* FKP1.m */; };
		47B07DB10F96E38500503E8B /* FKP2.m in Sources */ = {isa = PBXBuildFile; fileRef = 47B07D910F96E38500503E8B /* FKP2.m */; };
		47B07DB20F96E38500503E8B /* FKP3.m in Sources */ = {isa = PBXBuildFile; fileRef = 47B07D930F96E38500503E8B /* FKP3.m */; };
		47B07DB30F96E38500503E8B /* FKP4.m in Sources */ = {isa = PBXBuildFile; fileRef = 47B07D950F96E38500503E8B /* FKP4.m */; };
		47B07DB40F96E38500503E8B /* FKP5.m in Sources */ = {isa = PBXBuildFile; fileRef = 47B07D970F96E38500503E8B /* FKP5.m */; };
		47B07DB50F96E38500503E8B /* FKP6.m in Sources */ = {isa = PBXBuildFile; fileRef = 47B07D990F96E38500503E8B /* FKP6.m */; };
		47B07DB60F96E38500503E8B /* FKP7.m in Sources */ = {isa = PBXBuildFile; fileRef = 47B07D9B0F96E38500503E8B /* FKP7.m */; };
		47B07DB70F96E38500503E8B /* FKP8.m in Sources */ = {isa = PBXBuildFile; fileRef = 47B07D9D0F96E38500503E8B /* FKP8.m */; };
		47B07DB80F96E38500503E8B /* FKPromise.m in Sources */ = {isa = PBXBuildFile; fileRef = 47B07DA00F96E38500503E8B /* FKPromise.m */; };
		47B07DB90F96E38500503E8B /* FKUnit.m in Sources */ = {isa = PBXBuildFile; fileRef = 47B07DA20F96E38500503E8B /* FKUnit.m */; };
		47B07DBA0F96E38500503E8B /* NSArray+FunctionalKit.m in Sources */ = {isa = PBXBuildFile; fileRef = 47B07DA40F96E38500503E8B /* NSArray+FunctionalKit.m */; };
		47B07DBB0F96E38500503E8B /* NSDictionary+FunctionalKit.m in Sources */ = {isa = PBXBuildFile; fileRef = 47B07DA60F96E38500503E8B /* NSDictionary+FunctionalKit.m */; };
		47B07DBC0F96E38500503E8B /* NSInvocation+FunctionalKit.m in Sources */ = {isa = PBXBuildFile; fileRef = 47B07DA80F96E38500503E8B /* NSInvocation+FunctionalKit.m */; };
		47B07DBD0F96E38500503E8B /* NSObject+FunctionalKit.m in Sources */ = {isa = PBXBuildFile; fileRef = 47B07DAA0F96E38500503E8B /* NSObject+FunctionalKit.m */; };
		47B07DBE0F96E38500503E8B /* FKEffect.h in Headers */ = {isa = PBXBuildFile; fileRef = 47B07D820F96E38500503E8B /* FKEffect.h */; };
		47B07DBF0F96E38500503E8B /* FKEffect.m in Sources */ = {isa = PBXBuildFile; fileRef = 47B07D830F96E38500503E8B /* FKEffect.m */; };
		47B07DC00F96E38500503E8B /* FKEither.h in Headers */ = {isa = PBXBuildFile; fileRef = 47B07D840F96E38500503E8B /* FKEither.h */; };
		47B07DC10F96E38500503E8B /* FKEither.m in Sources */ = {isa = PBXBuildFile; fileRef = 47B07D850F96E38500503E8B /* FKEither.m */; };
		47B07DC20F96E38500503E8B /* FKFunction+Common.h in Headers */ = {isa = PBXBuildFile; fileRef = 47B07D860F96E38500503E8B /* FKFunction+Common.h */; };
		47B07DC30F96E38500503E8B /* FKFunction+Common.m in Sources */ = {isa = PBXBuildFile; fileRef = 47B07D870F96E38500503E8B /* FKFunction+Common.m */; };
		47B07DC40F96E38500503E8B /* FKFunction.h in Headers */ = {isa = PBXBuildFile; fileRef = 47B07D880F96E38500503E8B /* FKFunction.h */; };
		47B07DC50F96E38500503E8B /* FKFunction.m in Sources */ = {isa = PBXBuildFile; fileRef = 47B07D890F96E38500503E8B /* FKFunction.m */; };
		47B07DC60F96E38500503E8B /* FKMacros.h in Headers */ = {isa = PBXBuildFile; fileRef = 47B07D8A0F96E38500503E8B /* FKMacros.h */; };
		47B07DC70F96E38500503E8B /* FKNewtype.h in Headers */ = {isa = PBXBuildFile; fileRef = 47B07D8B0F96E38500503E8B /* FKNewtype.h */; };
		47B07DC80F96E38500503E8B /* FKOption.h in Headers */ = {isa = PBXBuildFile; fileRef = 47B07D8C0F96E38500503E8B /* FKOption.h */; };
		47B07DC90F96E38500503E8B /* FKOption.m in Sources */ = {isa = PBXBuildFile; fileRef = 47B07D8D0F96E38500503E8B /* FKOption.m */; };
		47B07DCA0F96E38500503E8B /* FKP1.h in Headers */ = {isa = PBXBuildFile; fileRef = 47B07D8E0F96E38500503E8B /* FKP1.h */; };
		47B07DCB0F96E38500503E8B /* FKP1.m in Sources */ = {isa = PBXBuildFile; fileRef = 47B07D8F0F96E38500503E8B /* FKP1.m */; };
		47B07DCC0F96E38500503E8B /* FKP2.h in Headers */ = {isa = PBXBuildFile; fileRef = 47B07D900F96E38500503E8B /* FKP2.h */; };
		47B07DCD0F96E38500503E8B /* FKP2.m in Sources */ = {isa = PBXBuildFile; fileRef = 47B07D910F96E38500503E8B /* FKP2.m */; };
		47B07DCE0F96E38500503E8B /* FKP3.h in Headers */ = {isa = PBXBuildFile; fileRef = 47B07D920F96E38500503E8B /* FKP3.h */; };
		47B07DCF0F96E38500503E8B /* FKP3.m in Sources */ = {isa = PBXBuildFile; fileRef = 47B07D930F96E38500503E8B /* FKP3.m */; };
		47B07DD00F96E38500503E8B /* FKP4.h in Headers */ = {isa = PBXBuildFile; fileRef = 47B07D940F96E38500503E8B /* FKP4.h */; };
		47B07DD10F96E38500503E8B /* FKP4.m in Sources */ = {isa = PBXBuildFile; fileRef = 47B07D950F96E38500503E8B /* FKP4.m */; };
		47B07DD20F96E38500503E8B /* FKP5.h in Headers */ = {isa = PBXBuildFile; fileRef = 47B07D960F96E38500503E8B /* FKP5.h */; };
		47B07DD30F96E38500503E8B /* FKP5.m in Sources */ = {isa = PBXBuildFile; fileRef = 47B07D970F96E38500503E8B /* FKP5.m */; };
		47B07DD40F96E38500503E8B /* FKP6.h in Headers */ = {isa = PBXBuildFile; fileRef = 47B07D980F96E38500503E8B /* FKP6.h */; };
		47B07DD50F96E38500503E8B /* FKP6.m in Sources */ = {isa = PBXBuildFile; fileRef = 47B07D990F96E38500503E8B /* FKP6.m */; };
		47B07DD60F96E38500503E8B /* FKP7.h in Headers */ = {isa = PBXBuildFile; fileRef = 47B07D9A0F96E38500503E8B /* FKP7.h */; };
		47B07DD70F96E38500503E8B /* FKP7.m in Sources */ = {isa = PBXBuildFile; fileRef = 47B07D9B0F96E38500503E8B /* FKP7.m */; };
		47B07DD80F96E38500503E8B /* FKP8.h in Headers */ = {isa = PBXBuildFile; fileRef = 47B07D9C0F96E38500503E8B /* FKP8.h */; };
		47B07DD90F96E38500503E8B /* FKP8.m in Sources */ = {isa = PBXBuildFile; fileRef = 47B07D9D0F96E38500503E8B /* FKP8.m */; };
		47B07DDA0F96E38500503E8B /* FKPrelude.h in Headers */ = {isa = PBXBuildFile; fileRef = 47B07D9E0F96E38500503E8B /* FKPrelude.h */; };
		47B07DDB0F96E38500503E8B /* FKPromise.h in Headers */ = {isa = PBXBuildFile; fileRef = 47B07D9F0F96E38500503E8B /* FKPromise.h */; };
		47B07DDC0F96E38500503E8B /* FKPromise.m in Sources */ = {isa = PBXBuildFile; fileRef = 47B07DA00F96E38500503E8B /* FKPromise.m */; };
		47B07DDD0F96E38500503E8B /* FKUnit.h in Headers */ = {isa = PBXBuildFile; fileRef = 47B07DA10F96E38500503E8B /* FKUnit.h */; };
		47B07DDE0F96E38500503E8B /* FKUnit.m in Sources */ = {isa = PBXBuildFile; fileRef = 47B07DA20F96E38500503E8B /* FKUnit.m */; };
		47B07DDF0F96E38500503E8B /* NSArray+FunctionalKit.h in Headers */ = {isa = PBXBuildFile; fileRef = 47B07DA30F96E38500503E8B /* NSArray+FunctionalKit.h */; };
		47B07DE00F96E38500503E8B /* NSArray+FunctionalKit.m in Sources */ = {isa = PBXBuildFile; fileRef = 47B07DA40F96E38500503E8B /* NSArray+FunctionalKit.m */; };
		47B07DE10F96E38500503E8B /* NSDictionary+FunctionalKit.h in Headers */ = {isa = PBXBuildFile; fileRef = 47B07DA50F96E38500503E8B /* NSDictionary+FunctionalKit.h */; };
		47B07DE20F96E38500503E8B /* NSDictionary+FunctionalKit.m in Sources */ = {isa = PBXBuildFile; fileRef = 47B07DA60F96E38500503E8B /* NSDictionary+FunctionalKit.m */; };
		47B07DE30F96E38500503E8B /* NSInvocation+FunctionalKit.h in Headers */ = {isa = PBXBuildFile; fileRef = 47B07DA70F96E38500503E8B /* NSInvocation+FunctionalKit.h */; };
		47B07DE40F96E38500503E8B /* NSInvocation+FunctionalKit.m in Sources */ = {isa = PBXBuildFile; fileRef = 47B07DA80F96E38500503E8B /* NSInvocation+FunctionalKit.m */; };
		47B07DE50F96E38500503E8B /* NSObject+FunctionalKit.h in Headers */ = {isa = PBXBuildFile; fileRef = 47B07DA90F96E38500503E8B /* NSObject+FunctionalKit.h */; };
		47B07DE60F96E38500503E8B /* NSObject+FunctionalKit.m in Sources */ = {isa = PBXBuildFile; fileRef = 47B07DAA0F96E38500503E8B /* NSObject+FunctionalKit.m */; };
		E2065A910F8078AB0034E426 /* NSDictionaryExtensionsUnitTest.m in Sources */ = {isa = PBXBuildFile; fileRef = E2065A900F8078AB0034E426 /* NSDictionaryExtensionsUnitTest.m */; };
		E23431720F6E72C90018BE5D /* functionalkit_Prefix.pch in Headers */ = {isa = PBXBuildFile; fileRef = E23431560F6E72C90018BE5D /* functionalkit_Prefix.pch */; };
		E23431790F6E72F20018BE5D /* FKEitherUnitTest.m in Sources */ = {isa = PBXBuildFile; fileRef = E23431590F6E72C90018BE5D /* FKEitherUnitTest.m */; };
		E234317A0F6E72F30018BE5D /* FKFunctionTests.m in Sources */ = {isa = PBXBuildFile; fileRef = E234315B0F6E72C90018BE5D /* FKFunctionTests.m */; };
		E234317B0F6E72F40018BE5D /* FKNewtypeTests.m in Sources */ = {isa = PBXBuildFile; fileRef = E234315C0F6E72C90018BE5D /* FKNewtypeTests.m */; };
		E234317C0F6E72F50018BE5D /* FKOptionUnitTest.m in Sources */ = {isa = PBXBuildFile; fileRef = E234315A0F6E72C90018BE5D /* FKOptionUnitTest.m */; };
		E23DB6E90F4D0263005C8EDA /* GTMDebugSelectorValidation.h in Headers */ = {isa = PBXBuildFile; fileRef = E23DB5F90F4D0262005C8EDA /* GTMDebugSelectorValidation.h */; };
		E23DB7310F4D0263005C8EDA /* GTM_Prefix.pch in Headers */ = {isa = PBXBuildFile; fileRef = E23DB6490F4D0262005C8EDA /* GTM_Prefix.pch */; };
		E23DB7320F4D0263005C8EDA /* GTMDefines.h in Headers */ = {isa = PBXBuildFile; fileRef = E23DB64A0F4D0262005C8EDA /* GTMDefines.h */; };
		E23DB7380F4D0263005C8EDA /* GTMIPhoneUnitTestDelegate.h in Headers */ = {isa = PBXBuildFile; fileRef = E23DB6590F4D0262005C8EDA /* GTMIPhoneUnitTestDelegate.h */; };
		E23DB73F0F4D0263005C8EDA /* GTMSenTestCase.h in Headers */ = {isa = PBXBuildFile; fileRef = E23DB6600F4D0262005C8EDA /* GTMSenTestCase.h */; };
		E23DBE8F0F4E25F3005C8EDA /* GTMIPhoneUnitTestDelegate.m in Sources */ = {isa = PBXBuildFile; fileRef = E23DB65A0F4D0262005C8EDA /* GTMIPhoneUnitTestDelegate.m */; };
		E23DBE900F4E25F3005C8EDA /* GTMIPhoneUnitTestMain.m in Sources */ = {isa = PBXBuildFile; fileRef = E23DB65B0F4D0262005C8EDA /* GTMIPhoneUnitTestMain.m */; };
		E23DBE910F4E25F3005C8EDA /* GTMSenTestCase.m in Sources */ = {isa = PBXBuildFile; fileRef = E23DB6610F4D0262005C8EDA /* GTMSenTestCase.m */; };
		E23DBF6D0F4E2817005C8EDA /* UIKit.framework in Frameworks */ = {isa = PBXBuildFile; fileRef = E23DBF6C0F4E2817005C8EDA /* UIKit.framework */; };
		E23DBF6E0F4E2817005C8EDA /* UIKit.framework in Frameworks */ = {isa = PBXBuildFile; fileRef = E23DBF6C0F4E2817005C8EDA /* UIKit.framework */; };
		E23DC0050F4E2852005C8EDA /* Foundation.framework in Frameworks */ = {isa = PBXBuildFile; fileRef = 0867D69BFE84028FC02AAC07 /* Foundation.framework */; };
		E2843EB60F7C6FFC004D8369 /* NSArrayExtensionsUnitTest.m in Sources */ = {isa = PBXBuildFile; fileRef = E2843EB50F7C6FFC004D8369 /* NSArrayExtensionsUnitTest.m */; };
		E28AAAC40FC260F300E7EAE1 /* NSString+FunctionalKit.h in Headers */ = {isa = PBXBuildFile; fileRef = E28AAAC20FC260F300E7EAE1 /* NSString+FunctionalKit.h */; };
		E28AAAC50FC260F300E7EAE1 /* NSString+FunctionalKit.m in Sources */ = {isa = PBXBuildFile; fileRef = E28AAAC30FC260F300E7EAE1 /* NSString+FunctionalKit.m */; };
		E28AAAC60FC260F300E7EAE1 /* NSString+FunctionalKit.m in Sources */ = {isa = PBXBuildFile; fileRef = E28AAAC30FC260F300E7EAE1 /* NSString+FunctionalKit.m */; };
/* End PBXBuildFile section */

/* Begin PBXBuildRule section */
		471F3F7B0F732D6E0072B7E8 /* PBXBuildRule */ = {
			isa = PBXBuildRule;
			compilerSpec = com.apple.compilers.proxy.script;
			isEditable = 1;
			outputFiles = (
			);
			script = "";
		};
/* End PBXBuildRule section */

/* Begin PBXFileReference section */
		0867D69BFE84028FC02AAC07 /* Foundation.framework */ = {isa = PBXFileReference; lastKnownFileType = wrapper.framework; name = Foundation.framework; path = /System/Library/Frameworks/Foundation.framework; sourceTree = "<absolute>"; };
		4770AB660F82DCDE00F287B3 /* FKFunctionCommonTests.m */ = {isa = PBXFileReference; fileEncoding = 4; lastKnownFileType = sourcecode.c.objc; path = FKFunctionCommonTests.m; sourceTree = "<group>"; };
		47B07D820F96E38500503E8B /* FKEffect.h */ = {isa = PBXFileReference; fileEncoding = 4; lastKnownFileType = sourcecode.c.h; name = FKEffect.h; path = Source/Main/FK/FKEffect.h; sourceTree = SOURCE_ROOT; };
		47B07D830F96E38500503E8B /* FKEffect.m */ = {isa = PBXFileReference; fileEncoding = 4; lastKnownFileType = sourcecode.c.objc; name = FKEffect.m; path = Source/Main/FK/FKEffect.m; sourceTree = SOURCE_ROOT; };
		47B07D840F96E38500503E8B /* FKEither.h */ = {isa = PBXFileReference; fileEncoding = 4; lastKnownFileType = sourcecode.c.h; path = FKEither.h; sourceTree = "<group>"; };
		47B07D850F96E38500503E8B /* FKEither.m */ = {isa = PBXFileReference; fileEncoding = 4; lastKnownFileType = sourcecode.c.objc; path = FKEither.m; sourceTree = "<group>"; };
		47B07D860F96E38500503E8B /* FKFunction+Common.h */ = {isa = PBXFileReference; fileEncoding = 4; lastKnownFileType = sourcecode.c.h; name = "FKFunction+Common.h"; path = "Source/Main/FK/FKFunction+Common.h"; sourceTree = SOURCE_ROOT; };
		47B07D870F96E38500503E8B /* FKFunction+Common.m */ = {isa = PBXFileReference; fileEncoding = 4; lastKnownFileType = sourcecode.c.objc; name = "FKFunction+Common.m"; path = "Source/Main/FK/FKFunction+Common.m"; sourceTree = SOURCE_ROOT; };
		47B07D880F96E38500503E8B /* FKFunction.h */ = {isa = PBXFileReference; fileEncoding = 4; lastKnownFileType = sourcecode.c.h; name = FKFunction.h; path = Source/Main/FK/FKFunction.h; sourceTree = SOURCE_ROOT; };
		47B07D890F96E38500503E8B /* FKFunction.m */ = {isa = PBXFileReference; fileEncoding = 4; lastKnownFileType = sourcecode.c.objc; name = FKFunction.m; path = Source/Main/FK/FKFunction.m; sourceTree = SOURCE_ROOT; };
		47B07D8A0F96E38500503E8B /* FKMacros.h */ = {isa = PBXFileReference; fileEncoding = 4; lastKnownFileType = sourcecode.c.h; name = FKMacros.h; path = Source/Main/FK/FKMacros.h; sourceTree = SOURCE_ROOT; };
		47B07D8B0F96E38500503E8B /* FKNewtype.h */ = {isa = PBXFileReference; fileEncoding = 4; lastKnownFileType = sourcecode.c.h; name = FKNewtype.h; path = Source/Main/FK/FKNewtype.h; sourceTree = SOURCE_ROOT; };
		47B07D8C0F96E38500503E8B /* FKOption.h */ = {isa = PBXFileReference; fileEncoding = 4; lastKnownFileType = sourcecode.c.h; path = FKOption.h; sourceTree = "<group>"; };
		47B07D8D0F96E38500503E8B /* FKOption.m */ = {isa = PBXFileReference; fileEncoding = 4; lastKnownFileType = sourcecode.c.objc; path = FKOption.m; sourceTree = "<group>"; };
		47B07D8E0F96E38500503E8B /* FKP1.h */ = {isa = PBXFileReference; fileEncoding = 4; lastKnownFileType = sourcecode.c.h; name = FKP1.h; path = Source/Main/FK/FKP1.h; sourceTree = SOURCE_ROOT; };
		47B07D8F0F96E38500503E8B /* FKP1.m */ = {isa = PBXFileReference; fileEncoding = 4; lastKnownFileType = sourcecode.c.objc; name = FKP1.m; path = Source/Main/FK/FKP1.m; sourceTree = SOURCE_ROOT; };
		47B07D900F96E38500503E8B /* FKP2.h */ = {isa = PBXFileReference; fileEncoding = 4; lastKnownFileType = sourcecode.c.h; name = FKP2.h; path = Source/Main/FK/FKP2.h; sourceTree = SOURCE_ROOT; };
		47B07D910F96E38500503E8B /* FKP2.m */ = {isa = PBXFileReference; fileEncoding = 4; lastKnownFileType = sourcecode.c.objc; name = FKP2.m; path = Source/Main/FK/FKP2.m; sourceTree = SOURCE_ROOT; };
		47B07D920F96E38500503E8B /* FKP3.h */ = {isa = PBXFileReference; fileEncoding = 4; lastKnownFileType = sourcecode.c.h; name = FKP3.h; path = Source/Main/FK/FKP3.h; sourceTree = SOURCE_ROOT; };
		47B07D930F96E38500503E8B /* FKP3.m */ = {isa = PBXFileReference; fileEncoding = 4; lastKnownFileType = sourcecode.c.objc; name = FKP3.m; path = Source/Main/FK/FKP3.m; sourceTree = SOURCE_ROOT; };
		47B07D940F96E38500503E8B /* FKP4.h */ = {isa = PBXFileReference; fileEncoding = 4; lastKnownFileType = sourcecode.c.h; name = FKP4.h; path = Source/Main/FK/FKP4.h; sourceTree = SOURCE_ROOT; };
		47B07D950F96E38500503E8B /* FKP4.m */ = {isa = PBXFileReference; fileEncoding = 4; lastKnownFileType = sourcecode.c.objc; name = FKP4.m; path = Source/Main/FK/FKP4.m; sourceTree = SOURCE_ROOT; };
		47B07D960F96E38500503E8B /* FKP5.h */ = {isa = PBXFileReference; fileEncoding = 4; lastKnownFileType = sourcecode.c.h; name = FKP5.h; path = Source/Main/FK/FKP5.h; sourceTree = SOURCE_ROOT; };
		47B07D970F96E38500503E8B /* FKP5.m */ = {isa = PBXFileReference; fileEncoding = 4; lastKnownFileType = sourcecode.c.objc; name = FKP5.m; path = Source/Main/FK/FKP5.m; sourceTree = SOURCE_ROOT; };
		47B07D980F96E38500503E8B /* FKP6.h */ = {isa = PBXFileReference; fileEncoding = 4; lastKnownFileType = sourcecode.c.h; name = FKP6.h; path = Source/Main/FK/FKP6.h; sourceTree = SOURCE_ROOT; };
		47B07D990F96E38500503E8B /* FKP6.m */ = {isa = PBXFileReference; fileEncoding = 4; lastKnownFileType = sourcecode.c.objc; name = FKP6.m; path = Source/Main/FK/FKP6.m; sourceTree = SOURCE_ROOT; };
		47B07D9A0F96E38500503E8B /* FKP7.h */ = {isa = PBXFileReference; fileEncoding = 4; lastKnownFileType = sourcecode.c.h; name = FKP7.h; path = Source/Main/FK/FKP7.h; sourceTree = SOURCE_ROOT; };
		47B07D9B0F96E38500503E8B /* FKP7.m */ = {isa = PBXFileReference; fileEncoding = 4; lastKnownFileType = sourcecode.c.objc; name = FKP7.m; path = Source/Main/FK/FKP7.m; sourceTree = SOURCE_ROOT; };
		47B07D9C0F96E38500503E8B /* FKP8.h */ = {isa = PBXFileReference; fileEncoding = 4; lastKnownFileType = sourcecode.c.h; name = FKP8.h; path = Source/Main/FK/FKP8.h; sourceTree = SOURCE_ROOT; };
		47B07D9D0F96E38500503E8B /* FKP8.m */ = {isa = PBXFileReference; fileEncoding = 4; lastKnownFileType = sourcecode.c.objc; name = FKP8.m; path = Source/Main/FK/FKP8.m; sourceTree = SOURCE_ROOT; };
		47B07D9E0F96E38500503E8B /* FKPrelude.h */ = {isa = PBXFileReference; fileEncoding = 4; lastKnownFileType = sourcecode.c.h; name = FKPrelude.h; path = Source/Main/FK/FKPrelude.h; sourceTree = SOURCE_ROOT; };
		47B07D9F0F96E38500503E8B /* FKPromise.h */ = {isa = PBXFileReference; fileEncoding = 4; lastKnownFileType = sourcecode.c.h; path = FKPromise.h; sourceTree = "<group>"; };
		47B07DA00F96E38500503E8B /* FKPromise.m */ = {isa = PBXFileReference; fileEncoding = 4; lastKnownFileType = sourcecode.c.objc; path = FKPromise.m; sourceTree = "<group>"; };
		47B07DA10F96E38500503E8B /* FKUnit.h */ = {isa = PBXFileReference; fileEncoding = 4; lastKnownFileType = sourcecode.c.h; name = FKUnit.h; path = Source/Main/FK/FKUnit.h; sourceTree = SOURCE_ROOT; };
		47B07DA20F96E38500503E8B /* FKUnit.m */ = {isa = PBXFileReference; fileEncoding = 4; lastKnownFileType = sourcecode.c.objc; name = FKUnit.m; path = Source/Main/FK/FKUnit.m; sourceTree = SOURCE_ROOT; };
		47B07DA30F96E38500503E8B /* NSArray+FunctionalKit.h */ = {isa = PBXFileReference; fileEncoding = 4; lastKnownFileType = sourcecode.c.h; path = "NSArray+FunctionalKit.h"; sourceTree = "<group>"; };
		47B07DA40F96E38500503E8B /* NSArray+FunctionalKit.m */ = {isa = PBXFileReference; fileEncoding = 4; lastKnownFileType = sourcecode.c.objc; path = "NSArray+FunctionalKit.m"; sourceTree = "<group>"; };
		47B07DA50F96E38500503E8B /* NSDictionary+FunctionalKit.h */ = {isa = PBXFileReference; fileEncoding = 4; lastKnownFileType = sourcecode.c.h; path = "NSDictionary+FunctionalKit.h"; sourceTree = "<group>"; };
		47B07DA60F96E38500503E8B /* NSDictionary+FunctionalKit.m */ = {isa = PBXFileReference; fileEncoding = 4; lastKnownFileType = sourcecode.c.objc; path = "NSDictionary+FunctionalKit.m"; sourceTree = "<group>"; };
		47B07DA70F96E38500503E8B /* NSInvocation+FunctionalKit.h */ = {isa = PBXFileReference; fileEncoding = 4; lastKnownFileType = sourcecode.c.h; path = "NSInvocation+FunctionalKit.h"; sourceTree = "<group>"; };
		47B07DA80F96E38500503E8B /* NSInvocation+FunctionalKit.m */ = {isa = PBXFileReference; fileEncoding = 4; lastKnownFileType = sourcecode.c.objc; path = "NSInvocation+FunctionalKit.m"; sourceTree = "<group>"; };
		47B07DA90F96E38500503E8B /* NSObject+FunctionalKit.h */ = {isa = PBXFileReference; fileEncoding = 4; lastKnownFileType = sourcecode.c.h; path = "NSObject+FunctionalKit.h"; sourceTree = "<group>"; };
		47B07DAA0F96E38500503E8B /* NSObject+FunctionalKit.m */ = {isa = PBXFileReference; fileEncoding = 4; lastKnownFileType = sourcecode.c.objc; path = "NSObject+FunctionalKit.m"; sourceTree = "<group>"; };
		D2AAC07E0554694100DB518D /* libfunctionalkit.a */ = {isa = PBXFileReference; explicitFileType = archive.ar; includeInIndex = 0; path = libfunctionalkit.a; sourceTree = BUILT_PRODUCTS_DIR; };
		E2065A900F8078AB0034E426 /* NSDictionaryExtensionsUnitTest.m */ = {isa = PBXFileReference; fileEncoding = 4; lastKnownFileType = sourcecode.c.objc; path = NSDictionaryExtensionsUnitTest.m; sourceTree = "<group>"; };
		E23431560F6E72C90018BE5D /* functionalkit_Prefix.pch */ = {isa = PBXFileReference; fileEncoding = 4; lastKnownFileType = sourcecode.c.h; path = functionalkit_Prefix.pch; sourceTree = "<group>"; };
		E23431590F6E72C90018BE5D /* FKEitherUnitTest.m */ = {isa = PBXFileReference; fileEncoding = 4; lastKnownFileType = sourcecode.c.objc; path = FKEitherUnitTest.m; sourceTree = "<group>"; };
		E234315A0F6E72C90018BE5D /* FKOptionUnitTest.m */ = {isa = PBXFileReference; fileEncoding = 4; lastKnownFileType = sourcecode.c.objc; path = FKOptionUnitTest.m; sourceTree = "<group>"; };
		E234315B0F6E72C90018BE5D /* FKFunctionTests.m */ = {isa = PBXFileReference; fileEncoding = 4; lastKnownFileType = sourcecode.c.objc; path = FKFunctionTests.m; sourceTree = "<group>"; };
		E234315C0F6E72C90018BE5D /* FKNewtypeTests.m */ = {isa = PBXFileReference; fileEncoding = 4; lastKnownFileType = sourcecode.c.objc; path = FKNewtypeTests.m; sourceTree = "<group>"; };
		E234361C0F6F38B10018BE5D /* README.markdown */ = {isa = PBXFileReference; fileEncoding = 4; lastKnownFileType = text; path = README.markdown; sourceTree = "<group>"; };
		E23DB5F90F4D0262005C8EDA /* GTMDebugSelectorValidation.h */ = {isa = PBXFileReference; fileEncoding = 4; lastKnownFileType = sourcecode.c.h; path = GTMDebugSelectorValidation.h; sourceTree = "<group>"; };
		E23DB6490F4D0262005C8EDA /* GTM_Prefix.pch */ = {isa = PBXFileReference; fileEncoding = 4; lastKnownFileType = sourcecode.c.h; path = GTM_Prefix.pch; sourceTree = "<group>"; };
		E23DB64A0F4D0262005C8EDA /* GTMDefines.h */ = {isa = PBXFileReference; fileEncoding = 4; lastKnownFileType = sourcecode.c.h; path = GTMDefines.h; sourceTree = "<group>"; };
		E23DB6590F4D0262005C8EDA /* GTMIPhoneUnitTestDelegate.h */ = {isa = PBXFileReference; fileEncoding = 4; lastKnownFileType = sourcecode.c.h; path = GTMIPhoneUnitTestDelegate.h; sourceTree = "<group>"; };
		E23DB65A0F4D0262005C8EDA /* GTMIPhoneUnitTestDelegate.m */ = {isa = PBXFileReference; fileEncoding = 4; lastKnownFileType = sourcecode.c.objc; path = GTMIPhoneUnitTestDelegate.m; sourceTree = "<group>"; };
		E23DB65B0F4D0262005C8EDA /* GTMIPhoneUnitTestMain.m */ = {isa = PBXFileReference; fileEncoding = 4; lastKnownFileType = sourcecode.c.objc; path = GTMIPhoneUnitTestMain.m; sourceTree = "<group>"; };
		E23DB6600F4D0262005C8EDA /* GTMSenTestCase.h */ = {isa = PBXFileReference; fileEncoding = 4; lastKnownFileType = sourcecode.c.h; path = GTMSenTestCase.h; sourceTree = "<group>"; };
		E23DB6610F4D0262005C8EDA /* GTMSenTestCase.m */ = {isa = PBXFileReference; fileEncoding = 4; lastKnownFileType = sourcecode.c.objc; path = GTMSenTestCase.m; sourceTree = "<group>"; };
		E23DBE720F4E2549005C8EDA /* Unit Tests.app */ = {isa = PBXFileReference; explicitFileType = wrapper.application; includeInIndex = 0; path = "Unit Tests.app"; sourceTree = BUILT_PRODUCTS_DIR; };
		E23DBF6C0F4E2817005C8EDA /* UIKit.framework */ = {isa = PBXFileReference; lastKnownFileType = wrapper.framework; name = UIKit.framework; path = System/Library/Frameworks/UIKit.framework; sourceTree = SDKROOT; };
		E2843EB50F7C6FFC004D8369 /* NSArrayExtensionsUnitTest.m */ = {isa = PBXFileReference; fileEncoding = 4; lastKnownFileType = sourcecode.c.objc; path = NSArrayExtensionsUnitTest.m; sourceTree = "<group>"; };
		E28AAAC20FC260F300E7EAE1 /* NSString+FunctionalKit.h */ = {isa = PBXFileReference; fileEncoding = 4; lastKnownFileType = sourcecode.c.h; path = "NSString+FunctionalKit.h"; sourceTree = "<group>"; };
		E28AAAC30FC260F300E7EAE1 /* NSString+FunctionalKit.m */ = {isa = PBXFileReference; fileEncoding = 4; lastKnownFileType = sourcecode.c.objc; path = "NSString+FunctionalKit.m"; sourceTree = "<group>"; };
/* End PBXFileReference section */

/* Begin PBXFrameworksBuildPhase section */
		D2AAC07C0554694100DB518D /* Frameworks */ = {
			isa = PBXFrameworksBuildPhase;
			buildActionMask = 2147483647;
			files = (
				E23DBF6D0F4E2817005C8EDA /* UIKit.framework in Frameworks */,
			);
			runOnlyForDeploymentPostprocessing = 0;
		};
		E23DBE700F4E2549005C8EDA /* Frameworks */ = {
			isa = PBXFrameworksBuildPhase;
			buildActionMask = 2147483647;
			files = (
				E23DBF6E0F4E2817005C8EDA /* UIKit.framework in Frameworks */,
				E23DC0050F4E2852005C8EDA /* Foundation.framework in Frameworks */,
			);
			runOnlyForDeploymentPostprocessing = 0;
		};
/* End PBXFrameworksBuildPhase section */

/* Begin PBXGroup section */
		034768DFFF38A50411DB9C8B /* Products */ = {
			isa = PBXGroup;
			children = (
				D2AAC07E0554694100DB518D /* libfunctionalkit.a */,
				E23DBE720F4E2549005C8EDA /* Unit Tests.app */,
			);
			name = Products;
			sourceTree = "<group>";
		};
		0867D691FE84028FC02AAC07 /* functionalkit */ = {
			isa = PBXGroup;
			children = (
				E234361C0F6F38B10018BE5D /* README.markdown */,
				4784B29E0F368E2E00D331F4 /* Source */,
				0867D69AFE84028FC02AAC07 /* Frameworks */,
				034768DFFF38A50411DB9C8B /* Products */,
			);
			name = functionalkit;
			sourceTree = "<group>";
		};
		0867D69AFE84028FC02AAC07 /* Frameworks */ = {
			isa = PBXGroup;
			children = (
				E23DBF6C0F4E2817005C8EDA /* UIKit.framework */,
				0867D69BFE84028FC02AAC07 /* Foundation.framework */,
			);
			name = Frameworks;
			sourceTree = "<group>";
		};
		4784B29E0F368E2E00D331F4 /* Source */ = {
			isa = PBXGroup;
			children = (
				E23DB5C30F4D0262005C8EDA /* External */,
				E234313F0F6E72C90018BE5D /* Main */,
				E23431570F6E72C90018BE5D /* Test */,
			);
			path = Source;
			sourceTree = "<group>";
		};
		47B07D810F96E38500503E8B /* FK */ = {
			isa = PBXGroup;
			children = (
				E28AAAB10FC260A600E7EAE1 /* Control */,
				E28AAAAF0FC2609C00E7EAE1 /* Data */,
				E28AAAB00FC260A200E7EAE1 /* Extensions */,
				47B07D820F96E38500503E8B /* FKEffect.h */,
				47B07D830F96E38500503E8B /* FKEffect.m */,
				47B07D860F96E38500503E8B /* FKFunction+Common.h */,
				47B07D870F96E38500503E8B /* FKFunction+Common.m */,
				47B07D880F96E38500503E8B /* FKFunction.h */,
				47B07D890F96E38500503E8B /* FKFunction.m */,
				47B07D8A0F96E38500503E8B /* FKMacros.h */,
				47B07D8B0F96E38500503E8B /* FKNewtype.h */,
				47B07D8E0F96E38500503E8B /* FKP1.h */,
				47B07D8F0F96E38500503E8B /* FKP1.m */,
				47B07D900F96E38500503E8B /* FKP2.h */,
				47B07D910F96E38500503E8B /* FKP2.m */,
				47B07D920F96E38500503E8B /* FKP3.h */,
				47B07D930F96E38500503E8B /* FKP3.m */,
				47B07D940F96E38500503E8B /* FKP4.h */,
				47B07D950F96E38500503E8B /* FKP4.m */,
				47B07D960F96E38500503E8B /* FKP5.h */,
				47B07D970F96E38500503E8B /* FKP5.m */,
				47B07D980F96E38500503E8B /* FKP6.h */,
				47B07D990F96E38500503E8B /* FKP6.m */,
				47B07D9A0F96E38500503E8B /* FKP7.h */,
				47B07D9B0F96E38500503E8B /* FKP7.m */,
				47B07D9C0F96E38500503E8B /* FKP8.h */,
				47B07D9D0F96E38500503E8B /* FKP8.m */,
				47B07D9E0F96E38500503E8B /* FKPrelude.h */,
				47B07DA10F96E38500503E8B /* FKUnit.h */,
				47B07DA20F96E38500503E8B /* FKUnit.m */,
			);
			name = FK;
			path = Source/Main/FK;
			sourceTree = SOURCE_ROOT;
		};
		E234313F0F6E72C90018BE5D /* Main */ = {
			isa = PBXGroup;
			children = (
				47B07D810F96E38500503E8B /* FK */,
				E23431560F6E72C90018BE5D /* functionalkit_Prefix.pch */,
			);
			path = Main;
			sourceTree = "<group>";
		};
		E23431570F6E72C90018BE5D /* Test */ = {
			isa = PBXGroup;
			children = (
				E23431580F6E72C90018BE5D /* Data */,
				E2843E6B0F7C6823004D8369 /* Extensions */,
				E234315B0F6E72C90018BE5D /* FKFunctionTests.m */,
				E234315C0F6E72C90018BE5D /* FKNewtypeTests.m */,
				4770AB660F82DCDE00F287B3 /* FKFunctionCommonTests.m */,
			);
			path = Test;
			sourceTree = "<group>";
		};
		E23431580F6E72C90018BE5D /* Data */ = {
			isa = PBXGroup;
			children = (
				E23431590F6E72C90018BE5D /* FKEitherUnitTest.m */,
				E234315A0F6E72C90018BE5D /* FKOptionUnitTest.m */,
			);
			path = Data;
			sourceTree = "<group>";
		};
		E23DB5C30F4D0262005C8EDA /* External */ = {
			isa = PBXGroup;
			children = (
				E23DB5D50F4D0262005C8EDA /* google-toolbox-for-mac-1-5-1 */,
			);
			path = External;
			sourceTree = "<group>";
		};
		E23DB5D50F4D0262005C8EDA /* google-toolbox-for-mac-1-5-1 */ = {
			isa = PBXGroup;
			children = (
				E23DB5F80F4D0262005C8EDA /* DebugUtils */,
				E23DB6490F4D0262005C8EDA /* GTM_Prefix.pch */,
				E23DB64A0F4D0262005C8EDA /* GTMDefines.h */,
				E23DB6540F4D0262005C8EDA /* UnitTesting */,
			);
			path = "google-toolbox-for-mac-1-5-1";
			sourceTree = "<group>";
		};
		E23DB5F80F4D0262005C8EDA /* DebugUtils */ = {
			isa = PBXGroup;
			children = (
				E23DB5F90F4D0262005C8EDA /* GTMDebugSelectorValidation.h */,
			);
			path = DebugUtils;
			sourceTree = "<group>";
		};
		E23DB6540F4D0262005C8EDA /* UnitTesting */ = {
			isa = PBXGroup;
			children = (
				E23DB6590F4D0262005C8EDA /* GTMIPhoneUnitTestDelegate.h */,
				E23DB65A0F4D0262005C8EDA /* GTMIPhoneUnitTestDelegate.m */,
				E23DB65B0F4D0262005C8EDA /* GTMIPhoneUnitTestMain.m */,
				E23DB6600F4D0262005C8EDA /* GTMSenTestCase.h */,
				E23DB6610F4D0262005C8EDA /* GTMSenTestCase.m */,
			);
			path = UnitTesting;
			sourceTree = "<group>";
		};
		E2843E6B0F7C6823004D8369 /* Extensions */ = {
			isa = PBXGroup;
			children = (
				E2843EB50F7C6FFC004D8369 /* NSArrayExtensionsUnitTest.m */,
				E2065A900F8078AB0034E426 /* NSDictionaryExtensionsUnitTest.m */,
			);
			path = Extensions;
			sourceTree = "<group>";
		};
		E28AAAAF0FC2609C00E7EAE1 /* Data */ = {
			isa = PBXGroup;
			children = (
				47B07D840F96E38500503E8B /* FKEither.h */,
				47B07D850F96E38500503E8B /* FKEither.m */,
				47B07D8C0F96E38500503E8B /* FKOption.h */,
				47B07D8D0F96E38500503E8B /* FKOption.m */,
			);
			name = Data;
			sourceTree = "<group>";
		};
		E28AAAB00FC260A200E7EAE1 /* Extensions */ = {
			isa = PBXGroup;
			children = (
				47B07DA30F96E38500503E8B /* NSArray+FunctionalKit.h */,
				47B07DA40F96E38500503E8B /* NSArray+FunctionalKit.m */,
				47B07DA50F96E38500503E8B /* NSDictionary+FunctionalKit.h */,
				47B07DA60F96E38500503E8B /* NSDictionary+FunctionalKit.m */,
				47B07DA70F96E38500503E8B /* NSInvocation+FunctionalKit.h */,
				47B07DA80F96E38500503E8B /* NSInvocation+FunctionalKit.m */,
				47B07DA90F96E38500503E8B /* NSObject+FunctionalKit.h */,
				47B07DAA0F96E38500503E8B /* NSObject+FunctionalKit.m */,
				E28AAAC20FC260F300E7EAE1 /* NSString+FunctionalKit.h */,
				E28AAAC30FC260F300E7EAE1 /* NSString+FunctionalKit.m */,
			);
			name = Extensions;
			sourceTree = "<group>";
		};
		E28AAAB10FC260A600E7EAE1 /* Control */ = {
			isa = PBXGroup;
			children = (
				E28AAAB20FC260A800E7EAE1 /* Parallel */,
			);
			name = Control;
			sourceTree = "<group>";
		};
		E28AAAB20FC260A800E7EAE1 /* Parallel */ = {
			isa = PBXGroup;
			children = (
				47B07D9F0F96E38500503E8B /* FKPromise.h */,
				47B07DA00F96E38500503E8B /* FKPromise.m */,
			);
			name = Parallel;
			sourceTree = "<group>";
		};
/* End PBXGroup section */

/* Begin PBXHeadersBuildPhase section */
		D2AAC07A0554694100DB518D /* Headers */ = {
			isa = PBXHeadersBuildPhase;
			buildActionMask = 2147483647;
			files = (
				E23DB6E90F4D0263005C8EDA /* GTMDebugSelectorValidation.h in Headers */,
				E23DB7310F4D0263005C8EDA /* GTM_Prefix.pch in Headers */,
				E23DB7320F4D0263005C8EDA /* GTMDefines.h in Headers */,
				E23DB7380F4D0263005C8EDA /* GTMIPhoneUnitTestDelegate.h in Headers */,
				E23DB73F0F4D0263005C8EDA /* GTMSenTestCase.h in Headers */,
				E23431720F6E72C90018BE5D /* functionalkit_Prefix.pch in Headers */,
				47B07DBE0F96E38500503E8B /* FKEffect.h in Headers */,
				47B07DC00F96E38500503E8B /* FKEither.h in Headers */,
				47B07DC20F96E38500503E8B /* FKFunction+Common.h in Headers */,
				47B07DC40F96E38500503E8B /* FKFunction.h in Headers */,
				47B07DC60F96E38500503E8B /* FKMacros.h in Headers */,
				47B07DC70F96E38500503E8B /* FKNewtype.h in Headers */,
				47B07DC80F96E38500503E8B /* FKOption.h in Headers */,
				47B07DCA0F96E38500503E8B /* FKP1.h in Headers */,
				47B07DCC0F96E38500503E8B /* FKP2.h in Headers */,
				47B07DCE0F96E38500503E8B /* FKP3.h in Headers */,
				47B07DD00F96E38500503E8B /* FKP4.h in Headers */,
				47B07DD20F96E38500503E8B /* FKP5.h in Headers */,
				47B07DD40F96E38500503E8B /* FKP6.h in Headers */,
				47B07DD60F96E38500503E8B /* FKP7.h in Headers */,
				47B07DD80F96E38500503E8B /* FKP8.h in Headers */,
				47B07DDA0F96E38500503E8B /* FKPrelude.h in Headers */,
				47B07DDB0F96E38500503E8B /* FKPromise.h in Headers */,
				47B07DDD0F96E38500503E8B /* FKUnit.h in Headers */,
				47B07DDF0F96E38500503E8B /* NSArray+FunctionalKit.h in Headers */,
				47B07DE10F96E38500503E8B /* NSDictionary+FunctionalKit.h in Headers */,
				47B07DE30F96E38500503E8B /* NSInvocation+FunctionalKit.h in Headers */,
				47B07DE50F96E38500503E8B /* NSObject+FunctionalKit.h in Headers */,
				E28AAAC40FC260F300E7EAE1 /* NSString+FunctionalKit.h in Headers */,
			);
			runOnlyForDeploymentPostprocessing = 0;
		};
/* End PBXHeadersBuildPhase section */

/* Begin PBXNativeTarget section */
		D2AAC07D0554694100DB518D /* functionalkit */ = {
			isa = PBXNativeTarget;
			buildConfigurationList = 1DEB921E08733DC00010E9CD /* Build configuration list for PBXNativeTarget "functionalkit" */;
			buildPhases = (
				D2AAC07A0554694100DB518D /* Headers */,
				D2AAC07B0554694100DB518D /* Sources */,
				D2AAC07C0554694100DB518D /* Frameworks */,
			);
			buildRules = (
				471F3F7B0F732D6E0072B7E8 /* PBXBuildRule */,
			);
			dependencies = (
			);
			name = functionalkit;
			productName = functionalkit;
			productReference = D2AAC07E0554694100DB518D /* libfunctionalkit.a */;
			productType = "com.apple.product-type.library.static";
		};
		E23DBE710F4E2549005C8EDA /* Unit Tests */ = {
			isa = PBXNativeTarget;
			buildConfigurationList = E23DBE770F4E254A005C8EDA /* Build configuration list for PBXNativeTarget "Unit Tests" */;
			buildPhases = (
				E23DBE6E0F4E2549005C8EDA /* Resources */,
				E23DBE6F0F4E2549005C8EDA /* Sources */,
				E23DBE700F4E2549005C8EDA /* Frameworks */,
				E23DBE7F0F4E25A0005C8EDA /* ShellScript */,
			);
			buildRules = (
			);
			dependencies = (
			);
			name = "Unit Tests";
			productName = "Unit Tests";
			productReference = E23DBE720F4E2549005C8EDA /* Unit Tests.app */;
			productType = "com.apple.product-type.application";
		};
/* End PBXNativeTarget section */

/* Begin PBXProject section */
		0867D690FE84028FC02AAC07 /* Project object */ = {
			isa = PBXProject;
			buildConfigurationList = 1DEB922208733DC00010E9CD /* Build configuration list for PBXProject "functionalkit" */;
			compatibilityVersion = "Xcode 3.1";
			hasScannedForEncodings = 1;
			mainGroup = 0867D691FE84028FC02AAC07 /* functionalkit */;
			productRefGroup = 034768DFFF38A50411DB9C8B /* Products */;
			projectDirPath = "";
			projectRoot = "";
			targets = (
				D2AAC07D0554694100DB518D /* functionalkit */,
				E23DBE710F4E2549005C8EDA /* Unit Tests */,
			);
		};
/* End PBXProject section */

/* Begin PBXResourcesBuildPhase section */
		E23DBE6E0F4E2549005C8EDA /* Resources */ = {
			isa = PBXResourcesBuildPhase;
			buildActionMask = 2147483647;
			files = (
			);
			runOnlyForDeploymentPostprocessing = 0;
		};
/* End PBXResourcesBuildPhase section */

/* Begin PBXShellScriptBuildPhase section */
		E23DBE7F0F4E25A0005C8EDA /* ShellScript */ = {
			isa = PBXShellScriptBuildPhase;
			buildActionMask = 2147483647;
			files = (
			);
			inputPaths = (
			);
			outputPaths = (
			);
			runOnlyForDeploymentPostprocessing = 0;
			shellPath = /bin/sh;
			shellScript = "Source/External/google-toolbox-for-mac-1-5-1/UnitTesting/RunIPhoneUnitTest.sh";
		};
/* End PBXShellScriptBuildPhase section */

/* Begin PBXSourcesBuildPhase section */
		D2AAC07B0554694100DB518D /* Sources */ = {
			isa = PBXSourcesBuildPhase;
			buildActionMask = 2147483647;
			files = (
				47B07DBF0F96E38500503E8B /* FKEffect.m in Sources */,
				47B07DC10F96E38500503E8B /* FKEither.m in Sources */,
				47B07DC30F96E38500503E8B /* FKFunction+Common.m in Sources */,
				47B07DC50F96E38500503E8B /* FKFunction.m in Sources */,
				47B07DC90F96E38500503E8B /* FKOption.m in Sources */,
				47B07DCB0F96E38500503E8B /* FKP1.m in Sources */,
				47B07DCD0F96E38500503E8B /* FKP2.m in Sources */,
				47B07DCF0F96E38500503E8B /* FKP3.m in Sources */,
				47B07DD10F96E38500503E8B /* FKP4.m in Sources */,
				47B07DD30F96E38500503E8B /* FKP5.m in Sources */,
				47B07DD50F96E38500503E8B /* FKP6.m in Sources */,
				47B07DD70F96E38500503E8B /* FKP7.m in Sources */,
				47B07DD90F96E38500503E8B /* FKP8.m in Sources */,
				47B07DDC0F96E38500503E8B /* FKPromise.m in Sources */,
				47B07DDE0F96E38500503E8B /* FKUnit.m in Sources */,
				47B07DE00F96E38500503E8B /* NSArray+FunctionalKit.m in Sources */,
				47B07DE20F96E38500503E8B /* NSDictionary+FunctionalKit.m in Sources */,
				47B07DE40F96E38500503E8B /* NSInvocation+FunctionalKit.m in Sources */,
				47B07DE60F96E38500503E8B /* NSObject+FunctionalKit.m in Sources */,
				E28AAAC50FC260F300E7EAE1 /* NSString+FunctionalKit.m in Sources */,
			);
			runOnlyForDeploymentPostprocessing = 0;
		};
		E23DBE6F0F4E2549005C8EDA /* Sources */ = {
			isa = PBXSourcesBuildPhase;
			buildActionMask = 2147483647;
			files = (
				E23DBE8F0F4E25F3005C8EDA /* GTMIPhoneUnitTestDelegate.m in Sources */,
				E23DBE900F4E25F3005C8EDA /* GTMIPhoneUnitTestMain.m in Sources */,
				E23DBE910F4E25F3005C8EDA /* GTMSenTestCase.m in Sources */,
				E23431790F6E72F20018BE5D /* FKEitherUnitTest.m in Sources */,
				E234317A0F6E72F30018BE5D /* FKFunctionTests.m in Sources */,
				E234317B0F6E72F40018BE5D /* FKNewtypeTests.m in Sources */,
				E234317C0F6E72F50018BE5D /* FKOptionUnitTest.m in Sources */,
				E2843EB60F7C6FFC004D8369 /* NSArrayExtensionsUnitTest.m in Sources */,
				E2065A910F8078AB0034E426 /* NSDictionaryExtensionsUnitTest.m in Sources */,
				4770AB670F82DCDE00F287B3 /* FKFunctionCommonTests.m in Sources */,
				47B07DAB0F96E38500503E8B /* FKEffect.m in Sources */,
				47B07DAC0F96E38500503E8B /* FKEither.m in Sources */,
				47B07DAD0F96E38500503E8B /* FKFunction+Common.m in Sources */,
				47B07DAE0F96E38500503E8B /* FKFunction.m in Sources */,
				47B07DAF0F96E38500503E8B /* FKOption.m in Sources */,
				47B07DB00F96E38500503E8B /* FKP1.m in Sources */,
				47B07DB10F96E38500503E8B /* FKP2.m in Sources */,
				47B07DB20F96E38500503E8B /* FKP3.m in Sources */,
				47B07DB30F96E38500503E8B /* FKP4.m in Sources */,
				47B07DB40F96E38500503E8B /* FKP5.m in Sources */,
				47B07DB50F96E38500503E8B /* FKP6.m in Sources */,
				47B07DB60F96E38500503E8B /* FKP7.m in Sources */,
				47B07DB70F96E38500503E8B /* FKP8.m in Sources */,
				47B07DB80F96E38500503E8B /* FKPromise.m in Sources */,
				47B07DB90F96E38500503E8B /* FKUnit.m in Sources */,
				47B07DBA0F96E38500503E8B /* NSArray+FunctionalKit.m in Sources */,
				47B07DBB0F96E38500503E8B /* NSDictionary+FunctionalKit.m in Sources */,
				47B07DBC0F96E38500503E8B /* NSInvocation+FunctionalKit.m in Sources */,
				47B07DBD0F96E38500503E8B /* NSObject+FunctionalKit.m in Sources */,
				E28AAAC60FC260F300E7EAE1 /* NSString+FunctionalKit.m in Sources */,
			);
			runOnlyForDeploymentPostprocessing = 0;
		};
/* End PBXSourcesBuildPhase section */

/* Begin XCBuildConfiguration section */
		1DEB921F08733DC00010E9CD /* Debug */ = {
			isa = XCBuildConfiguration;
			buildSettings = {
				ALWAYS_SEARCH_USER_PATHS = NO;
				ARCHS = "$(ARCHS_STANDARD_32_BIT)";
				COPY_PHASE_STRIP = NO;
				GCC_DYNAMIC_NO_PIC = NO;
				GCC_ENABLE_FIX_AND_CONTINUE = YES;
				GCC_MODEL_TUNING = G5;
				GCC_OPTIMIZATION_LEVEL = 0;
				GCC_PRECOMPILE_PREFIX_HEADER = YES;
				GCC_PREFIX_HEADER = "$(SRCROOT)/Source/Main/functionalkit_Prefix.pch";
				INSTALL_PATH = /usr/local/lib;
				LIBRARY_SEARCH_PATHS = (
					"$(inherited)",
					"\"$(SRCROOT)/Source/External/google-toolbox-for-mac-1-5-1/TigerGcov\"",
				);
				ONLY_ACTIVE_ARCH = YES;
				PRODUCT_NAME = functionalkit;
			};
			name = Debug;
		};
		1DEB922008733DC00010E9CD /* Release */ = {
			isa = XCBuildConfiguration;
			buildSettings = {
				ALWAYS_SEARCH_USER_PATHS = NO;
				ARCHS = "$(ARCHS_STANDARD_32_BIT)";
				DEBUG_INFORMATION_FORMAT = "dwarf-with-dsym";
				GCC_MODEL_TUNING = G5;
				GCC_PRECOMPILE_PREFIX_HEADER = YES;
				GCC_PREFIX_HEADER = "$(SRCROOT)/Source/Main/functionalkit_Prefix.pch";
				INSTALL_PATH = /usr/local/lib;
				LIBRARY_SEARCH_PATHS = (
					"$(inherited)",
					"\"$(SRCROOT)/Source/External/google-toolbox-for-mac-1-5-1/TigerGcov\"",
				);
				PRODUCT_NAME = functionalkit;
			};
			name = Release;
		};
		1DEB922308733DC00010E9CD /* Debug */ = {
			isa = XCBuildConfiguration;
			buildSettings = {
				ARCHS = "$(ARCHS_STANDARD_32_BIT)";
				GCC_C_LANGUAGE_STANDARD = c99;
				GCC_OPTIMIZATION_LEVEL = 0;
				GCC_VERSION = coop.plausible.blocks.compilers.gcc.4_2;
				GCC_WARN_ABOUT_RETURN_TYPE = YES;
				GCC_WARN_UNUSED_VARIABLE = YES;
				HEADER_SEARCH_PATHS = Source/Main;
				ONLY_ACTIVE_ARCH = YES;
				OTHER_CFLAGS = "-fnested-functions";
				OTHER_CPLUSPLUSFLAGS = "$(OTHER_CFLAGS)";
				OTHER_LDFLAGS = "-ObjC";
				PREBINDING = NO;
				SDKROOT = iphoneos2.2;
			};
			name = Debug;
		};
		1DEB922408733DC00010E9CD /* Release */ = {
			isa = XCBuildConfiguration;
			buildSettings = {
				ARCHS = "$(ARCHS_STANDARD_32_BIT)";
				GCC_C_LANGUAGE_STANDARD = c99;
				GCC_VERSION = coop.plausible.blocks.compilers.gcc.4_2;
				GCC_WARN_ABOUT_RETURN_TYPE = YES;
				GCC_WARN_UNUSED_VARIABLE = YES;
				HEADER_SEARCH_PATHS = Source/Main;
				OTHER_LDFLAGS = "-ObjC";
				PREBINDING = NO;
				SDKROOT = iphoneos2.2;
			};
			name = Release;
		};
		E23DBE750F4E254A005C8EDA /* Debug */ = {
			isa = XCBuildConfiguration;
			buildSettings = {
				ALWAYS_SEARCH_USER_PATHS = NO;
				CODE_SIGN_IDENTITY = "iPhone Developer";
				COPY_PHASE_STRIP = NO;
				GCC_DYNAMIC_NO_PIC = NO;
				GCC_OPTIMIZATION_LEVEL = 0;
				GCC_PRECOMPILE_PREFIX_HEADER = YES;
				GCC_PREFIX_HEADER = "$(SRCROOT)/Source/External/google-toolbox-for-mac-1-5-1/GTM_Prefix.pch";
				INSTALL_PATH = "$(HOME)/Applications";
				LIBRARY_SEARCH_PATHS = (
					"$(inherited)",
					"\"$(SRCROOT)/Source/External/google-toolbox-for-mac-1-5-1/TigerGcov\"",
				);
				OTHER_LDFLAGS = (
					"-framework",
					Foundation,
					"-framework",
					UIKit,
				);
				PREBINDING = NO;
				PRODUCT_NAME = "Unit Tests";
				SDKROOT = iphoneos2.2.1;
			};
			name = Debug;
		};
		E23DBE760F4E254A005C8EDA /* Release */ = {
			isa = XCBuildConfiguration;
			buildSettings = {
				ALWAYS_SEARCH_USER_PATHS = NO;
				CODE_SIGN_IDENTITY = "iPhone Developer";
				COPY_PHASE_STRIP = YES;
				DEBUG_INFORMATION_FORMAT = "dwarf-with-dsym";
				GCC_ENABLE_FIX_AND_CONTINUE = NO;
				GCC_PRECOMPILE_PREFIX_HEADER = YES;
				GCC_PREFIX_HEADER = "$(SRCROOT)/Source/External/google-toolbox-for-mac-1-5-1/GTM_Prefix.pch";
				INSTALL_PATH = "$(HOME)/Applications";
				LIBRARY_SEARCH_PATHS = (
					"$(inherited)",
					"\"$(SRCROOT)/Source/External/google-toolbox-for-mac-1-5-1/TigerGcov\"",
				);
				OTHER_LDFLAGS = (
					"-framework",
					Foundation,
					"-framework",
					UIKit,
				);
				PREBINDING = NO;
				PRODUCT_NAME = "Unit Tests";
				SDKROOT = iphoneos2.2.1;
				ZERO_LINK = NO;
			};
			name = Release;
		};
/* End XCBuildConfiguration section */

/* Begin XCConfigurationList section */
		1DEB921E08733DC00010E9CD /* Build configuration list for PBXNativeTarget "functionalkit" */ = {
			isa = XCConfigurationList;
			buildConfigurations = (
				1DEB921F08733DC00010E9CD /* Debug */,
				1DEB922008733DC00010E9CD /* Release */,
			);
			defaultConfigurationIsVisible = 0;
			defaultConfigurationName = Release;
		};
		1DEB922208733DC00010E9CD /* Build configuration list for PBXProject "functionalkit" */ = {
			isa = XCConfigurationList;
			buildConfigurations = (
				1DEB922308733DC00010E9CD /* Debug */,
				1DEB922408733DC00010E9CD /* Release */,
			);
			defaultConfigurationIsVisible = 0;
			defaultConfigurationName = Release;
		};
		E23DBE770F4E254A005C8EDA /* Build configuration list for PBXNativeTarget "Unit Tests" */ = {
			isa = XCConfigurationList;
			buildConfigurations = (
				E23DBE750F4E254A005C8EDA /* Debug */,
				E23DBE760F4E254A005C8EDA /* Release */,
			);
			defaultConfigurationIsVisible = 0;
			defaultConfigurationName = Release;
		};
/* End XCConfigurationList section */
	};
	rootObject = 0867D690FE84028FC02AAC07 /* Project object */;
}
