// !$*UTF8*$!
{
	archiveVersion = 1;
	classes = {
	};
	objectVersion = 45;
	objects = {

/* Begin PBXBuildFile section */
		474BA4E60F898AC100E41262 /* FKP4.m in Sources */ = {isa = PBXBuildFile; fileRef = 474BA4DD0F898AC100E41262 /* FKP4.m */; };
		474BA4E70F898AC100E41262 /* FKP5.m in Sources */ = {isa = PBXBuildFile; fileRef = 474BA4DF0F898AC100E41262 /* FKP5.m */; };
		474BA4E80F898AC100E41262 /* FKP6.m in Sources */ = {isa = PBXBuildFile; fileRef = 474BA4E10F898AC100E41262 /* FKP6.m */; };
		474BA4E90F898AC100E41262 /* FKP7.m in Sources */ = {isa = PBXBuildFile; fileRef = 474BA4E30F898AC100E41262 /* FKP7.m */; };
		474BA4EA0F898AC100E41262 /* FKP8.m in Sources */ = {isa = PBXBuildFile; fileRef = 474BA4E50F898AC100E41262 /* FKP8.m */; };
		474BA4EB0F898AC100E41262 /* FKP4.h in Headers */ = {isa = PBXBuildFile; fileRef = 474BA4DC0F898AC100E41262 /* FKP4.h */; };
		474BA4EC0F898AC100E41262 /* FKP4.m in Sources */ = {isa = PBXBuildFile; fileRef = 474BA4DD0F898AC100E41262 /* FKP4.m */; };
		474BA4ED0F898AC100E41262 /* FKP5.h in Headers */ = {isa = PBXBuildFile; fileRef = 474BA4DE0F898AC100E41262 /* FKP5.h */; };
		474BA4EE0F898AC100E41262 /* FKP5.m in Sources */ = {isa = PBXBuildFile; fileRef = 474BA4DF0F898AC100E41262 /* FKP5.m */; };
		474BA4EF0F898AC100E41262 /* FKP6.h in Headers */ = {isa = PBXBuildFile; fileRef = 474BA4E00F898AC100E41262 /* FKP6.h */; };
		474BA4F00F898AC100E41262 /* FKP6.m in Sources */ = {isa = PBXBuildFile; fileRef = 474BA4E10F898AC100E41262 /* FKP6.m */; };
		474BA4F10F898AC100E41262 /* FKP7.h in Headers */ = {isa = PBXBuildFile; fileRef = 474BA4E20F898AC100E41262 /* FKP7.h */; };
		474BA4F20F898AC100E41262 /* FKP7.m in Sources */ = {isa = PBXBuildFile; fileRef = 474BA4E30F898AC100E41262 /* FKP7.m */; };
		474BA4F30F898AC100E41262 /* FKP8.h in Headers */ = {isa = PBXBuildFile; fileRef = 474BA4E40F898AC100E41262 /* FKP8.h */; };
		474BA4F40F898AC100E41262 /* FKP8.m in Sources */ = {isa = PBXBuildFile; fileRef = 474BA4E50F898AC100E41262 /* FKP8.m */; };
		4770AB5D0F82DAEA00F287B3 /* FKFunction+Common.m in Sources */ = {isa = PBXBuildFile; fileRef = 4770AB5C0F82DAEA00F287B3 /* FKFunction+Common.m */; };
		4770AB670F82DCDE00F287B3 /* FKFunctionCommonTests.m in Sources */ = {isa = PBXBuildFile; fileRef = 4770AB660F82DCDE00F287B3 /* FKFunctionCommonTests.m */; };
		47F1FA0E0F81E1C800239B9F /* NSInvocation+FunctionalKit.m in Sources */ = {isa = PBXBuildFile; fileRef = 47F1FA0D0F81E1C800239B9F /* NSInvocation+FunctionalKit.m */; };
		47F1FA0F0F81E1CF00239B9F /* NSInvocation+FunctionalKit.h in Headers */ = {isa = PBXBuildFile; fileRef = 47F1FA0C0F81E1C800239B9F /* NSInvocation+FunctionalKit.h */; };
		47F1FA100F81E1CF00239B9F /* NSInvocation+FunctionalKit.m in Sources */ = {isa = PBXBuildFile; fileRef = 47F1FA0D0F81E1C800239B9F /* NSInvocation+FunctionalKit.m */; };
		E2065A910F8078AB0034E426 /* NSDictionaryExtensionsUnitTest.m in Sources */ = {isa = PBXBuildFile; fileRef = E2065A900F8078AB0034E426 /* NSDictionaryExtensionsUnitTest.m */; };
		E2065A940F8078EA0034E426 /* NSDictionary+FunctionalKit.m in Sources */ = {isa = PBXBuildFile; fileRef = E2065A930F8078EA0034E426 /* NSDictionary+FunctionalKit.m */; };
		E234315F0F6E72C90018BE5D /* FKPromise.h in Headers */ = {isa = PBXBuildFile; fileRef = E23431420F6E72C90018BE5D /* FKPromise.h */; };
		E23431600F6E72C90018BE5D /* FKPromise.m in Sources */ = {isa = PBXBuildFile; fileRef = E23431430F6E72C90018BE5D /* FKPromise.m */; };
		E23431610F6E72C90018BE5D /* FKEither.h in Headers */ = {isa = PBXBuildFile; fileRef = E23431450F6E72C90018BE5D /* FKEither.h */; };
		E23431620F6E72C90018BE5D /* FKEither.m in Sources */ = {isa = PBXBuildFile; fileRef = E23431460F6E72C90018BE5D /* FKEither.m */; };
		E23431630F6E72C90018BE5D /* FKOption.h in Headers */ = {isa = PBXBuildFile; fileRef = E23431470F6E72C90018BE5D /* FKOption.h */; };
		E23431640F6E72C90018BE5D /* FKOption.m in Sources */ = {isa = PBXBuildFile; fileRef = E23431480F6E72C90018BE5D /* FKOption.m */; };
		E23431650F6E72C90018BE5D /* FKEffect.h in Headers */ = {isa = PBXBuildFile; fileRef = E23431490F6E72C90018BE5D /* FKEffect.h */; };
		E23431660F6E72C90018BE5D /* FKEffect.m in Sources */ = {isa = PBXBuildFile; fileRef = E234314A0F6E72C90018BE5D /* FKEffect.m */; };
		E23431670F6E72C90018BE5D /* FKFunction.h in Headers */ = {isa = PBXBuildFile; fileRef = E234314B0F6E72C90018BE5D /* FKFunction.h */; };
		E23431680F6E72C90018BE5D /* FKFunction.m in Sources */ = {isa = PBXBuildFile; fileRef = E234314C0F6E72C90018BE5D /* FKFunction.m */; };
		E23431690F6E72C90018BE5D /* FKNewtype.h in Headers */ = {isa = PBXBuildFile; fileRef = E234314D0F6E72C90018BE5D /* FKNewtype.h */; };
		E234316A0F6E72C90018BE5D /* FKP1.h in Headers */ = {isa = PBXBuildFile; fileRef = E234314E0F6E72C90018BE5D /* FKP1.h */; };
		E234316B0F6E72C90018BE5D /* FKP1.m in Sources */ = {isa = PBXBuildFile; fileRef = E234314F0F6E72C90018BE5D /* FKP1.m */; };
		E234316C0F6E72C90018BE5D /* FKP2.h in Headers */ = {isa = PBXBuildFile; fileRef = E23431500F6E72C90018BE5D /* FKP2.h */; };
		E234316D0F6E72C90018BE5D /* FKP2.m in Sources */ = {isa = PBXBuildFile; fileRef = E23431510F6E72C90018BE5D /* FKP2.m */; };
		E234316E0F6E72C90018BE5D /* FKP3.h in Headers */ = {isa = PBXBuildFile; fileRef = E23431520F6E72C90018BE5D /* FKP3.h */; };
		E234316F0F6E72C90018BE5D /* FKP3.m in Sources */ = {isa = PBXBuildFile; fileRef = E23431530F6E72C90018BE5D /* FKP3.m */; };
		E23431700F6E72C90018BE5D /* FKUnit.h in Headers */ = {isa = PBXBuildFile; fileRef = E23431540F6E72C90018BE5D /* FKUnit.h */; };
		E23431710F6E72C90018BE5D /* FKUnit.m in Sources */ = {isa = PBXBuildFile; fileRef = E23431550F6E72C90018BE5D /* FKUnit.m */; };
		E23431720F6E72C90018BE5D /* functionalkit_Prefix.pch in Headers */ = {isa = PBXBuildFile; fileRef = E23431560F6E72C90018BE5D /* functionalkit_Prefix.pch */; };
		E23431730F6E72C90018BE5D /* FKEitherUnitTest.m in Sources */ = {isa = PBXBuildFile; fileRef = E23431590F6E72C90018BE5D /* FKEitherUnitTest.m */; };
		E23431740F6E72C90018BE5D /* FKOptionUnitTest.m in Sources */ = {isa = PBXBuildFile; fileRef = E234315A0F6E72C90018BE5D /* FKOptionUnitTest.m */; };
		E23431750F6E72C90018BE5D /* FKFunctionTests.m in Sources */ = {isa = PBXBuildFile; fileRef = E234315B0F6E72C90018BE5D /* FKFunctionTests.m */; };
		E23431760F6E72C90018BE5D /* FKNewtypeTests.m in Sources */ = {isa = PBXBuildFile; fileRef = E234315C0F6E72C90018BE5D /* FKNewtypeTests.m */; };
		E23431790F6E72F20018BE5D /* FKEitherUnitTest.m in Sources */ = {isa = PBXBuildFile; fileRef = E23431590F6E72C90018BE5D /* FKEitherUnitTest.m */; };
		E234317A0F6E72F30018BE5D /* FKFunctionTests.m in Sources */ = {isa = PBXBuildFile; fileRef = E234315B0F6E72C90018BE5D /* FKFunctionTests.m */; };
		E234317B0F6E72F40018BE5D /* FKNewtypeTests.m in Sources */ = {isa = PBXBuildFile; fileRef = E234315C0F6E72C90018BE5D /* FKNewtypeTests.m */; };
		E234317C0F6E72F50018BE5D /* FKOptionUnitTest.m in Sources */ = {isa = PBXBuildFile; fileRef = E234315A0F6E72C90018BE5D /* FKOptionUnitTest.m */; };
		E23431820F6E73A50018BE5D /* FKMacros.h in Headers */ = {isa = PBXBuildFile; fileRef = E23431800F6E73A50018BE5D /* FKMacros.h */; };
		E23431E10F6F0DE00018BE5D /* FKEffect.m in Sources */ = {isa = PBXBuildFile; fileRef = E234314A0F6E72C90018BE5D /* FKEffect.m */; };
		E23431E20F6F0DE00018BE5D /* FKEither.m in Sources */ = {isa = PBXBuildFile; fileRef = E23431460F6E72C90018BE5D /* FKEither.m */; };
		E23431E30F6F0DE10018BE5D /* FKFunction.m in Sources */ = {isa = PBXBuildFile; fileRef = E234314C0F6E72C90018BE5D /* FKFunction.m */; };
		E23431E40F6F0DE20018BE5D /* FKOption.m in Sources */ = {isa = PBXBuildFile; fileRef = E23431480F6E72C90018BE5D /* FKOption.m */; };
		E23431E50F6F0DE30018BE5D /* FKP1.m in Sources */ = {isa = PBXBuildFile; fileRef = E234314F0F6E72C90018BE5D /* FKP1.m */; };
		E23431E60F6F0DE40018BE5D /* FKP2.m in Sources */ = {isa = PBXBuildFile; fileRef = E23431510F6E72C90018BE5D /* FKP2.m */; };
		E23431E70F6F0DE50018BE5D /* FKP3.m in Sources */ = {isa = PBXBuildFile; fileRef = E23431530F6E72C90018BE5D /* FKP3.m */; };
		E23431E80F6F0DE60018BE5D /* FKPromise.m in Sources */ = {isa = PBXBuildFile; fileRef = E23431430F6E72C90018BE5D /* FKPromise.m */; };
		E23431E90F6F0DE70018BE5D /* FKUnit.m in Sources */ = {isa = PBXBuildFile; fileRef = E23431550F6E72C90018BE5D /* FKUnit.m */; };
		E23DB6E90F4D0263005C8EDA /* GTMDebugSelectorValidation.h in Headers */ = {isa = PBXBuildFile; fileRef = E23DB5F90F4D0262005C8EDA /* GTMDebugSelectorValidation.h */; };
		E23DB7310F4D0263005C8EDA /* GTM_Prefix.pch in Headers */ = {isa = PBXBuildFile; fileRef = E23DB6490F4D0262005C8EDA /* GTM_Prefix.pch */; };
		E23DB7320F4D0263005C8EDA /* GTMDefines.h in Headers */ = {isa = PBXBuildFile; fileRef = E23DB64A0F4D0262005C8EDA /* GTMDefines.h */; };
		E23DB7380F4D0263005C8EDA /* GTMIPhoneUnitTestDelegate.h in Headers */ = {isa = PBXBuildFile; fileRef = E23DB6590F4D0262005C8EDA /* GTMIPhoneUnitTestDelegate.h */; };
		E23DB73F0F4D0263005C8EDA /* GTMSenTestCase.h in Headers */ = {isa = PBXBuildFile; fileRef = E23DB6600F4D0262005C8EDA /* GTMSenTestCase.h */; };
		E23DBE8F0F4E25F3005C8EDA /* GTMIPhoneUnitTestDelegate.m in Sources */ = {isa = PBXBuildFile; fileRef = E23DB65A0F4D0262005C8EDA /* GTMIPhoneUnitTestDelegate.m */; };
		E23DBE900F4E25F3005C8EDA /* GTMIPhoneUnitTestMain.m in Sources */ = {isa = PBXBuildFile; fileRef = E23DB65B0F4D0262005C8EDA /* GTMIPhoneUnitTestMain.m */; };
		E23DBE910F4E25F3005C8EDA /* GTMSenTestCase.m in Sources */ = {isa = PBXBuildFile; fileRef = E23DB6610F4D0262005C8EDA /* GTMSenTestCase.m */; };
		E23DBF6D0F4E2817005C8EDA /* UIKit.framework in Frameworks */ = {isa = PBXBuildFile; fileRef = E23DBF6C0F4E2817005C8EDA /* UIKit.framework */; };
		E23DBF6E0F4E2817005C8EDA /* UIKit.framework in Frameworks */ = {isa = PBXBuildFile; fileRef = E23DBF6C0F4E2817005C8EDA /* UIKit.framework */; };
		E23DC0050F4E2852005C8EDA /* Foundation.framework in Frameworks */ = {isa = PBXBuildFile; fileRef = 0867D69BFE84028FC02AAC07 /* Foundation.framework */; };
		E2843E650F7C6433004D8369 /* NSObject+FunctionalKit.h in Headers */ = {isa = PBXBuildFile; fileRef = E2843E630F7C6433004D8369 /* NSObject+FunctionalKit.h */; };
		E2843E660F7C6433004D8369 /* NSObject+FunctionalKit.m in Sources */ = {isa = PBXBuildFile; fileRef = E2843E640F7C6433004D8369 /* NSObject+FunctionalKit.m */; };
		E2843E670F7C6433004D8369 /* NSObject+FunctionalKit.m in Sources */ = {isa = PBXBuildFile; fileRef = E2843E640F7C6433004D8369 /* NSObject+FunctionalKit.m */; };
		E2843EB60F7C6FFC004D8369 /* NSArrayExtensionsUnitTest.m in Sources */ = {isa = PBXBuildFile; fileRef = E2843EB50F7C6FFC004D8369 /* NSArrayExtensionsUnitTest.m */; };
		E2843EB90F7C7004004D8369 /* NSArray+FunctionalKit.m in Sources */ = {isa = PBXBuildFile; fileRef = E2843EB80F7C7004004D8369 /* NSArray+FunctionalKit.m */; };
		E2843EBA0F7C7004004D8369 /* NSArray+FunctionalKit.h in Headers */ = {isa = PBXBuildFile; fileRef = E2843EB70F7C7004004D8369 /* NSArray+FunctionalKit.h */; };
		E2843EBB0F7C7004004D8369 /* NSArray+FunctionalKit.m in Sources */ = {isa = PBXBuildFile; fileRef = E2843EB80F7C7004004D8369 /* NSArray+FunctionalKit.m */; };
/* End PBXBuildFile section */

/* Begin PBXBuildRule section */
		471F3F7B0F732D6E0072B7E8 /* PBXBuildRule */ = {
			isa = PBXBuildRule;
			compilerSpec = com.apple.compilers.proxy.script;
			isEditable = 1;
			outputFiles = (
			);
			script = "";
		};
/* End PBXBuildRule section */

/* Begin PBXFileReference section */
		0867D69BFE84028FC02AAC07 /* Foundation.framework */ = {isa = PBXFileReference; lastKnownFileType = wrapper.framework; name = Foundation.framework; path = /System/Library/Frameworks/Foundation.framework; sourceTree = "<absolute>"; };
		474BA4DC0F898AC100E41262 /* FKP4.h */ = {isa = PBXFileReference; fileEncoding = 4; lastKnownFileType = sourcecode.c.h; path = FKP4.h; sourceTree = "<group>"; };
		474BA4DD0F898AC100E41262 /* FKP4.m */ = {isa = PBXFileReference; fileEncoding = 4; lastKnownFileType = sourcecode.c.objc; path = FKP4.m; sourceTree = "<group>"; };
		474BA4DE0F898AC100E41262 /* FKP5.h */ = {isa = PBXFileReference; fileEncoding = 4; lastKnownFileType = sourcecode.c.h; path = FKP5.h; sourceTree = "<group>"; };
		474BA4DF0F898AC100E41262 /* FKP5.m */ = {isa = PBXFileReference; fileEncoding = 4; lastKnownFileType = sourcecode.c.objc; path = FKP5.m; sourceTree = "<group>"; };
		474BA4E00F898AC100E41262 /* FKP6.h */ = {isa = PBXFileReference; fileEncoding = 4; lastKnownFileType = sourcecode.c.h; path = FKP6.h; sourceTree = "<group>"; };
		474BA4E10F898AC100E41262 /* FKP6.m */ = {isa = PBXFileReference; fileEncoding = 4; lastKnownFileType = sourcecode.c.objc; path = FKP6.m; sourceTree = "<group>"; };
		474BA4E20F898AC100E41262 /* FKP7.h */ = {isa = PBXFileReference; fileEncoding = 4; lastKnownFileType = sourcecode.c.h; path = FKP7.h; sourceTree = "<group>"; };
		474BA4E30F898AC100E41262 /* FKP7.m */ = {isa = PBXFileReference; fileEncoding = 4; lastKnownFileType = sourcecode.c.objc; path = FKP7.m; sourceTree = "<group>"; };
		474BA4E40F898AC100E41262 /* FKP8.h */ = {isa = PBXFileReference; fileEncoding = 4; lastKnownFileType = sourcecode.c.h; path = FKP8.h; sourceTree = "<group>"; };
		474BA4E50F898AC100E41262 /* FKP8.m */ = {isa = PBXFileReference; fileEncoding = 4; lastKnownFileType = sourcecode.c.objc; path = FKP8.m; sourceTree = "<group>"; };
		4770AB5B0F82DAEA00F287B3 /* FKFunction+Common.h */ = {isa = PBXFileReference; fileEncoding = 4; lastKnownFileType = sourcecode.c.h; path = "FKFunction+Common.h"; sourceTree = "<group>"; };
		4770AB5C0F82DAEA00F287B3 /* FKFunction+Common.m */ = {isa = PBXFileReference; fileEncoding = 4; lastKnownFileType = sourcecode.c.objc; path = "FKFunction+Common.m"; sourceTree = "<group>"; };
		4770AB660F82DCDE00F287B3 /* FKFunctionCommonTests.m */ = {isa = PBXFileReference; fileEncoding = 4; lastKnownFileType = sourcecode.c.objc; path = FKFunctionCommonTests.m; sourceTree = "<group>"; };
		47F1FA0C0F81E1C800239B9F /* NSInvocation+FunctionalKit.h */ = {isa = PBXFileReference; fileEncoding = 4; lastKnownFileType = sourcecode.c.h; path = "NSInvocation+FunctionalKit.h"; sourceTree = "<group>"; };
		47F1FA0D0F81E1C800239B9F /* NSInvocation+FunctionalKit.m */ = {isa = PBXFileReference; fileEncoding = 4; lastKnownFileType = sourcecode.c.objc; path = "NSInvocation+FunctionalKit.m"; sourceTree = "<group>"; };
		D2AAC07E0554694100DB518D /* libfunctionalkit.a */ = {isa = PBXFileReference; explicitFileType = archive.ar; includeInIndex = 0; path = libfunctionalkit.a; sourceTree = BUILT_PRODUCTS_DIR; };
		E2065A900F8078AB0034E426 /* NSDictionaryExtensionsUnitTest.m */ = {isa = PBXFileReference; fileEncoding = 4; lastKnownFileType = sourcecode.c.objc; path = NSDictionaryExtensionsUnitTest.m; sourceTree = "<group>"; };
		E2065A920F8078EA0034E426 /* NSDictionary+FunctionalKit.h */ = {isa = PBXFileReference; fileEncoding = 4; lastKnownFileType = sourcecode.c.h; path = "NSDictionary+FunctionalKit.h"; sourceTree = "<group>"; };
		E2065A930F8078EA0034E426 /* NSDictionary+FunctionalKit.m */ = {isa = PBXFileReference; fileEncoding = 4; lastKnownFileType = sourcecode.c.objc; path = "NSDictionary+FunctionalKit.m"; sourceTree = "<group>"; };
		E2065A960F807C1B0034E426 /* FKPrelude.h */ = {isa = PBXFileReference; fileEncoding = 4; lastKnownFileType = sourcecode.c.h; path = FKPrelude.h; sourceTree = "<group>"; };
		E23431420F6E72C90018BE5D /* FKPromise.h */ = {isa = PBXFileReference; fileEncoding = 4; lastKnownFileType = sourcecode.c.h; path = FKPromise.h; sourceTree = "<group>"; };
		E23431430F6E72C90018BE5D /* FKPromise.m */ = {isa = PBXFileReference; fileEncoding = 4; lastKnownFileType = sourcecode.c.objc; path = FKPromise.m; sourceTree = "<group>"; };
		E23431450F6E72C90018BE5D /* FKEither.h */ = {isa = PBXFileReference; fileEncoding = 4; lastKnownFileType = sourcecode.c.h; path = FKEither.h; sourceTree = "<group>"; };
		E23431460F6E72C90018BE5D /* FKEither.m */ = {isa = PBXFileReference; fileEncoding = 4; lastKnownFileType = sourcecode.c.objc; path = FKEither.m; sourceTree = "<group>"; };
		E23431470F6E72C90018BE5D /* FKOption.h */ = {isa = PBXFileReference; fileEncoding = 4; lastKnownFileType = sourcecode.c.h; path = FKOption.h; sourceTree = "<group>"; };
		E23431480F6E72C90018BE5D /* FKOption.m */ = {isa = PBXFileReference; fileEncoding = 4; lastKnownFileType = sourcecode.c.objc; path = FKOption.m; sourceTree = "<group>"; };
		E23431490F6E72C90018BE5D /* FKEffect.h */ = {isa = PBXFileReference; fileEncoding = 4; lastKnownFileType = sourcecode.c.h; path = FKEffect.h; sourceTree = "<group>"; };
		E234314A0F6E72C90018BE5D /* FKEffect.m */ = {isa = PBXFileReference; fileEncoding = 4; lastKnownFileType = sourcecode.c.objc; path = FKEffect.m; sourceTree = "<group>"; };
		E234314B0F6E72C90018BE5D /* FKFunction.h */ = {isa = PBXFileReference; fileEncoding = 4; lastKnownFileType = sourcecode.c.h; path = FKFunction.h; sourceTree = "<group>"; };
		E234314C0F6E72C90018BE5D /* FKFunction.m */ = {isa = PBXFileReference; fileEncoding = 4; lastKnownFileType = sourcecode.c.objc; path = FKFunction.m; sourceTree = "<group>"; };
		E234314D0F6E72C90018BE5D /* FKNewtype.h */ = {isa = PBXFileReference; fileEncoding = 4; lastKnownFileType = sourcecode.c.h; path = FKNewtype.h; sourceTree = "<group>"; };
		E234314E0F6E72C90018BE5D /* FKP1.h */ = {isa = PBXFileReference; fileEncoding = 4; lastKnownFileType = sourcecode.c.h; path = FKP1.h; sourceTree = "<group>"; };
		E234314F0F6E72C90018BE5D /* FKP1.m */ = {isa = PBXFileReference; fileEncoding = 4; lastKnownFileType = sourcecode.c.objc; path = FKP1.m; sourceTree = "<group>"; };
		E23431500F6E72C90018BE5D /* FKP2.h */ = {isa = PBXFileReference; fileEncoding = 4; lastKnownFileType = sourcecode.c.h; path = FKP2.h; sourceTree = "<group>"; };
		E23431510F6E72C90018BE5D /* FKP2.m */ = {isa = PBXFileReference; fileEncoding = 4; lastKnownFileType = sourcecode.c.objc; path = FKP2.m; sourceTree = "<group>"; };
		E23431520F6E72C90018BE5D /* FKP3.h */ = {isa = PBXFileReference; fileEncoding = 4; lastKnownFileType = sourcecode.c.h; path = FKP3.h; sourceTree = "<group>"; };
		E23431530F6E72C90018BE5D /* FKP3.m */ = {isa = PBXFileReference; fileEncoding = 4; lastKnownFileType = sourcecode.c.objc; path = FKP3.m; sourceTree = "<group>"; };
		E23431540F6E72C90018BE5D /* FKUnit.h */ = {isa = PBXFileReference; fileEncoding = 4; lastKnownFileType = sourcecode.c.h; path = FKUnit.h; sourceTree = "<group>"; };
		E23431550F6E72C90018BE5D /* FKUnit.m */ = {isa = PBXFileReference; fileEncoding = 4; lastKnownFileType = sourcecode.c.objc; path = FKUnit.m; sourceTree = "<group>"; };
		E23431560F6E72C90018BE5D /* functionalkit_Prefix.pch */ = {isa = PBXFileReference; fileEncoding = 4; lastKnownFileType = sourcecode.c.h; path = functionalkit_Prefix.pch; sourceTree = "<group>"; };
		E23431590F6E72C90018BE5D /* FKEitherUnitTest.m */ = {isa = PBXFileReference; fileEncoding = 4; lastKnownFileType = sourcecode.c.objc; path = FKEitherUnitTest.m; sourceTree = "<group>"; };
		E234315A0F6E72C90018BE5D /* FKOptionUnitTest.m */ = {isa = PBXFileReference; fileEncoding = 4; lastKnownFileType = sourcecode.c.objc; path = FKOptionUnitTest.m; sourceTree = "<group>"; };
		E234315B0F6E72C90018BE5D /* FKFunctionTests.m */ = {isa = PBXFileReference; fileEncoding = 4; lastKnownFileType = sourcecode.c.objc; path = FKFunctionTests.m; sourceTree = "<group>"; };
		E234315C0F6E72C90018BE5D /* FKNewtypeTests.m */ = {isa = PBXFileReference; fileEncoding = 4; lastKnownFileType = sourcecode.c.objc; path = FKNewtypeTests.m; sourceTree = "<group>"; };
		E23431800F6E73A50018BE5D /* FKMacros.h */ = {isa = PBXFileReference; fileEncoding = 4; lastKnownFileType = sourcecode.c.h; path = FKMacros.h; sourceTree = "<group>"; };
		E234361C0F6F38B10018BE5D /* README.markdown */ = {isa = PBXFileReference; fileEncoding = 4; lastKnownFileType = text; path = README.markdown; sourceTree = "<group>"; };
		E23DB5F90F4D0262005C8EDA /* GTMDebugSelectorValidation.h */ = {isa = PBXFileReference; fileEncoding = 4; lastKnownFileType = sourcecode.c.h; path = GTMDebugSelectorValidation.h; sourceTree = "<group>"; };
		E23DB6490F4D0262005C8EDA /* GTM_Prefix.pch */ = {isa = PBXFileReference; fileEncoding = 4; lastKnownFileType = sourcecode.c.h; path = GTM_Prefix.pch; sourceTree = "<group>"; };
		E23DB64A0F4D0262005C8EDA /* GTMDefines.h */ = {isa = PBXFileReference; fileEncoding = 4; lastKnownFileType = sourcecode.c.h; path = GTMDefines.h; sourceTree = "<group>"; };
		E23DB6590F4D0262005C8EDA /* GTMIPhoneUnitTestDelegate.h */ = {isa = PBXFileReference; fileEncoding = 4; lastKnownFileType = sourcecode.c.h; path = GTMIPhoneUnitTestDelegate.h; sourceTree = "<group>"; };
		E23DB65A0F4D0262005C8EDA /* GTMIPhoneUnitTestDelegate.m */ = {isa = PBXFileReference; fileEncoding = 4; lastKnownFileType = sourcecode.c.objc; path = GTMIPhoneUnitTestDelegate.m; sourceTree = "<group>"; };
		E23DB65B0F4D0262005C8EDA /* GTMIPhoneUnitTestMain.m */ = {isa = PBXFileReference; fileEncoding = 4; lastKnownFileType = sourcecode.c.objc; path = GTMIPhoneUnitTestMain.m; sourceTree = "<group>"; };
		E23DB6600F4D0262005C8EDA /* GTMSenTestCase.h */ = {isa = PBXFileReference; fileEncoding = 4; lastKnownFileType = sourcecode.c.h; path = GTMSenTestCase.h; sourceTree = "<group>"; };
		E23DB6610F4D0262005C8EDA /* GTMSenTestCase.m */ = {isa = PBXFileReference; fileEncoding = 4; lastKnownFileType = sourcecode.c.objc; path = GTMSenTestCase.m; sourceTree = "<group>"; };
		E23DBE720F4E2549005C8EDA /* Unit Tests.app */ = {isa = PBXFileReference; explicitFileType = wrapper.application; includeInIndex = 0; path = "Unit Tests.app"; sourceTree = BUILT_PRODUCTS_DIR; };
		E23DBF6C0F4E2817005C8EDA /* UIKit.framework */ = {isa = PBXFileReference; lastKnownFileType = wrapper.framework; name = UIKit.framework; path = System/Library/Frameworks/UIKit.framework; sourceTree = SDKROOT; };
		E2843E630F7C6433004D8369 /* NSObject+FunctionalKit.h */ = {isa = PBXFileReference; fileEncoding = 4; lastKnownFileType = sourcecode.c.h; path = "NSObject+FunctionalKit.h"; sourceTree = "<group>"; };
		E2843E640F7C6433004D8369 /* NSObject+FunctionalKit.m */ = {isa = PBXFileReference; fileEncoding = 4; lastKnownFileType = sourcecode.c.objc; path = "NSObject+FunctionalKit.m"; sourceTree = "<group>"; };
		E2843EB50F7C6FFC004D8369 /* NSArrayExtensionsUnitTest.m */ = {isa = PBXFileReference; fileEncoding = 4; lastKnownFileType = sourcecode.c.objc; path = NSArrayExtensionsUnitTest.m; sourceTree = "<group>"; };
		E2843EB70F7C7004004D8369 /* NSArray+FunctionalKit.h */ = {isa = PBXFileReference; fileEncoding = 4; lastKnownFileType = sourcecode.c.h; path = "NSArray+FunctionalKit.h"; sourceTree = "<group>"; };
		E2843EB80F7C7004004D8369 /* NSArray+FunctionalKit.m */ = {isa = PBXFileReference; fileEncoding = 4; lastKnownFileType = sourcecode.c.objc; path = "NSArray+FunctionalKit.m"; sourceTree = "<group>"; };
/* End PBXFileReference section */

/* Begin PBXFrameworksBuildPhase section */
		D2AAC07C0554694100DB518D /* Frameworks */ = {
			isa = PBXFrameworksBuildPhase;
			buildActionMask = 2147483647;
			files = (
				E23DBF6D0F4E2817005C8EDA /* UIKit.framework in Frameworks */,
			);
			runOnlyForDeploymentPostprocessing = 0;
		};
		E23DBE700F4E2549005C8EDA /* Frameworks */ = {
			isa = PBXFrameworksBuildPhase;
			buildActionMask = 2147483647;
			files = (
				E23DBF6E0F4E2817005C8EDA /* UIKit.framework in Frameworks */,
				E23DC0050F4E2852005C8EDA /* Foundation.framework in Frameworks */,
			);
			runOnlyForDeploymentPostprocessing = 0;
		};
/* End PBXFrameworksBuildPhase section */

/* Begin PBXGroup section */
		034768DFFF38A50411DB9C8B /* Products */ = {
			isa = PBXGroup;
			children = (
				D2AAC07E0554694100DB518D /* libfunctionalkit.a */,
				E23DBE720F4E2549005C8EDA /* Unit Tests.app */,
			);
			name = Products;
			sourceTree = "<group>";
		};
		0867D691FE84028FC02AAC07 /* functionalkit */ = {
			isa = PBXGroup;
			children = (
				E234361C0F6F38B10018BE5D /* README.markdown */,
				4784B29E0F368E2E00D331F4 /* Source */,
				0867D69AFE84028FC02AAC07 /* Frameworks */,
				034768DFFF38A50411DB9C8B /* Products */,
			);
			name = functionalkit;
			sourceTree = "<group>";
		};
		0867D69AFE84028FC02AAC07 /* Frameworks */ = {
			isa = PBXGroup;
			children = (
				E23DBF6C0F4E2817005C8EDA /* UIKit.framework */,
				0867D69BFE84028FC02AAC07 /* Foundation.framework */,
			);
			name = Frameworks;
			sourceTree = "<group>";
		};
		4784B29E0F368E2E00D331F4 /* Source */ = {
			isa = PBXGroup;
			children = (
				E23DB5C30F4D0262005C8EDA /* External */,
				E234313F0F6E72C90018BE5D /* Main */,
				E23431570F6E72C90018BE5D /* Test */,
			);
			path = Source;
			sourceTree = "<group>";
		};
		E234313F0F6E72C90018BE5D /* Main */ = {
			isa = PBXGroup;
			children = (
				E23431400F6E72C90018BE5D /* Control */,
				E23431440F6E72C90018BE5D /* Data */,
				E23431D30F6E75770018BE5D /* Extensions */,
				E23431490F6E72C90018BE5D /* FKEffect.h */,
				E234314A0F6E72C90018BE5D /* FKEffect.m */,
				E234314B0F6E72C90018BE5D /* FKFunction.h */,
				E234314C0F6E72C90018BE5D /* FKFunction.m */,
				4770AB5B0F82DAEA00F287B3 /* FKFunction+Common.h */,
				4770AB5C0F82DAEA00F287B3 /* FKFunction+Common.m */,
				E23431800F6E73A50018BE5D /* FKMacros.h */,
				E234314D0F6E72C90018BE5D /* FKNewtype.h */,
				E234314E0F6E72C90018BE5D /* FKP1.h */,
				E234314F0F6E72C90018BE5D /* FKP1.m */,
				E23431500F6E72C90018BE5D /* FKP2.h */,
				E23431510F6E72C90018BE5D /* FKP2.m */,
				E23431520F6E72C90018BE5D /* FKP3.h */,
				E23431530F6E72C90018BE5D /* FKP3.m */,
				474BA4DC0F898AC100E41262 /* FKP4.h */,
				474BA4DD0F898AC100E41262 /* FKP4.m */,
				474BA4DE0F898AC100E41262 /* FKP5.h */,
				474BA4DF0F898AC100E41262 /* FKP5.m */,
				474BA4E00F898AC100E41262 /* FKP6.h */,
				474BA4E10F898AC100E41262 /* FKP6.m */,
				474BA4E20F898AC100E41262 /* FKP7.h */,
				474BA4E30F898AC100E41262 /* FKP7.m */,
				474BA4E40F898AC100E41262 /* FKP8.h */,
				474BA4E50F898AC100E41262 /* FKP8.m */,
				E2065A960F807C1B0034E426 /* FKPrelude.h */,
				E23431540F6E72C90018BE5D /* FKUnit.h */,
				E23431550F6E72C90018BE5D /* FKUnit.m */,
				E23431560F6E72C90018BE5D /* functionalkit_Prefix.pch */,
			);
			path = Main;
			sourceTree = "<group>";
		};
		E23431400F6E72C90018BE5D /* Control */ = {
			isa = PBXGroup;
			children = (
				E23431410F6E72C90018BE5D /* Parallel */,
			);
			path = Control;
			sourceTree = "<group>";
		};
		E23431410F6E72C90018BE5D /* Parallel */ = {
			isa = PBXGroup;
			children = (
				E23431420F6E72C90018BE5D /* FKPromise.h */,
				E23431430F6E72C90018BE5D /* FKPromise.m */,
			);
			path = Parallel;
			sourceTree = "<group>";
		};
		E23431440F6E72C90018BE5D /* Data */ = {
			isa = PBXGroup;
			children = (
				E23431450F6E72C90018BE5D /* FKEither.h */,
				E23431460F6E72C90018BE5D /* FKEither.m */,
				E23431470F6E72C90018BE5D /* FKOption.h */,
				E23431480F6E72C90018BE5D /* FKOption.m */,
			);
			path = Data;
			sourceTree = "<group>";
		};
		E23431570F6E72C90018BE5D /* Test */ = {
			isa = PBXGroup;
			children = (
				E23431580F6E72C90018BE5D /* Data */,
				E2843E6B0F7C6823004D8369 /* Extensions */,
				E234315B0F6E72C90018BE5D /* FKFunctionTests.m */,
				E234315C0F6E72C90018BE5D /* FKNewtypeTests.m */,
				4770AB660F82DCDE00F287B3 /* FKFunctionCommonTests.m */,
			);
			path = Test;
			sourceTree = "<group>";
		};
		E23431580F6E72C90018BE5D /* Data */ = {
			isa = PBXGroup;
			children = (
				E23431590F6E72C90018BE5D /* FKEitherUnitTest.m */,
				E234315A0F6E72C90018BE5D /* FKOptionUnitTest.m */,
			);
			path = Data;
			sourceTree = "<group>";
		};
		E23431D30F6E75770018BE5D /* Extensions */ = {
			isa = PBXGroup;
			children = (
				E2843EB70F7C7004004D8369 /* NSArray+FunctionalKit.h */,
				E2843EB80F7C7004004D8369 /* NSArray+FunctionalKit.m */,
				E2065A920F8078EA0034E426 /* NSDictionary+FunctionalKit.h */,
				E2065A930F8078EA0034E426 /* NSDictionary+FunctionalKit.m */,
				47F1FA0C0F81E1C800239B9F /* NSInvocation+FunctionalKit.h */,
				47F1FA0D0F81E1C800239B9F /* NSInvocation+FunctionalKit.m */,
				E2843E630F7C6433004D8369 /* NSObject+FunctionalKit.h */,
				E2843E640F7C6433004D8369 /* NSObject+FunctionalKit.m */,
			);
			path = Extensions;
			sourceTree = "<group>";
		};
		E23DB5C30F4D0262005C8EDA /* External */ = {
			isa = PBXGroup;
			children = (
				E23DB5D50F4D0262005C8EDA /* google-toolbox-for-mac-1-5-1 */,
			);
			path = External;
			sourceTree = "<group>";
		};
		E23DB5D50F4D0262005C8EDA /* google-toolbox-for-mac-1-5-1 */ = {
			isa = PBXGroup;
			children = (
				E23DB5F80F4D0262005C8EDA /* DebugUtils */,
				E23DB6490F4D0262005C8EDA /* GTM_Prefix.pch */,
				E23DB64A0F4D0262005C8EDA /* GTMDefines.h */,
				E23DB6540F4D0262005C8EDA /* UnitTesting */,
			);
			path = "google-toolbox-for-mac-1-5-1";
			sourceTree = "<group>";
		};
		E23DB5F80F4D0262005C8EDA /* DebugUtils */ = {
			isa = PBXGroup;
			children = (
				E23DB5F90F4D0262005C8EDA /* GTMDebugSelectorValidation.h */,
			);
			path = DebugUtils;
			sourceTree = "<group>";
		};
		E23DB6540F4D0262005C8EDA /* UnitTesting */ = {
			isa = PBXGroup;
			children = (
				E23DB6590F4D0262005C8EDA /* GTMIPhoneUnitTestDelegate.h */,
				E23DB65A0F4D0262005C8EDA /* GTMIPhoneUnitTestDelegate.m */,
				E23DB65B0F4D0262005C8EDA /* GTMIPhoneUnitTestMain.m */,
				E23DB6600F4D0262005C8EDA /* GTMSenTestCase.h */,
				E23DB6610F4D0262005C8EDA /* GTMSenTestCase.m */,
			);
			path = UnitTesting;
			sourceTree = "<group>";
		};
		E2843E6B0F7C6823004D8369 /* Extensions */ = {
			isa = PBXGroup;
			children = (
				E2843EB50F7C6FFC004D8369 /* NSArrayExtensionsUnitTest.m */,
				E2065A900F8078AB0034E426 /* NSDictionaryExtensionsUnitTest.m */,
			);
			path = Extensions;
			sourceTree = "<group>";
		};
/* End PBXGroup section */

/* Begin PBXHeadersBuildPhase section */
		D2AAC07A0554694100DB518D /* Headers */ = {
			isa = PBXHeadersBuildPhase;
			buildActionMask = 2147483647;
			files = (
				E23DB6E90F4D0263005C8EDA /* GTMDebugSelectorValidation.h in Headers */,
				E23DB7310F4D0263005C8EDA /* GTM_Prefix.pch in Headers */,
				E23DB7320F4D0263005C8EDA /* GTMDefines.h in Headers */,
				E23DB7380F4D0263005C8EDA /* GTMIPhoneUnitTestDelegate.h in Headers */,
				E23DB73F0F4D0263005C8EDA /* GTMSenTestCase.h in Headers */,
				E234315F0F6E72C90018BE5D /* FKPromise.h in Headers */,
				E23431610F6E72C90018BE5D /* FKEither.h in Headers */,
				E23431630F6E72C90018BE5D /* FKOption.h in Headers */,
				E23431650F6E72C90018BE5D /* FKEffect.h in Headers */,
				E23431670F6E72C90018BE5D /* FKFunction.h in Headers */,
				E23431690F6E72C90018BE5D /* FKNewtype.h in Headers */,
				E234316A0F6E72C90018BE5D /* FKP1.h in Headers */,
				E234316C0F6E72C90018BE5D /* FKP2.h in Headers */,
				E234316E0F6E72C90018BE5D /* FKP3.h in Headers */,
				E23431700F6E72C90018BE5D /* FKUnit.h in Headers */,
				E23431720F6E72C90018BE5D /* functionalkit_Prefix.pch in Headers */,
				E23431820F6E73A50018BE5D /* FKMacros.h in Headers */,
				E2843E650F7C6433004D8369 /* NSObject+FunctionalKit.h in Headers */,
				E2843EBA0F7C7004004D8369 /* NSArray+FunctionalKit.h in Headers */,
				47F1FA0F0F81E1CF00239B9F /* NSInvocation+FunctionalKit.h in Headers */,
				474BA4EB0F898AC100E41262 /* FKP4.h in Headers */,
				474BA4ED0F898AC100E41262 /* FKP5.h in Headers */,
				474BA4EF0F898AC100E41262 /* FKP6.h in Headers */,
				474BA4F10F898AC100E41262 /* FKP7.h in Headers */,
				474BA4F30F898AC100E41262 /* FKP8.h in Headers */,
			);
			runOnlyForDeploymentPostprocessing = 0;
		};
/* End PBXHeadersBuildPhase section */

/* Begin PBXNativeTarget section */
		D2AAC07D0554694100DB518D /* functionalkit */ = {
			isa = PBXNativeTarget;
			buildConfigurationList = 1DEB921E08733DC00010E9CD /* Build configuration list for PBXNativeTarget "functionalkit" */;
			buildPhases = (
				D2AAC07A0554694100DB518D /* Headers */,
				D2AAC07B0554694100DB518D /* Sources */,
				D2AAC07C0554694100DB518D /* Frameworks */,
			);
			buildRules = (
				471F3F7B0F732D6E0072B7E8 /* PBXBuildRule */,
			);
			dependencies = (
			);
			name = functionalkit;
			productName = functionalkit;
			productReference = D2AAC07E0554694100DB518D /* libfunctionalkit.a */;
			productType = "com.apple.product-type.library.static";
		};
		E23DBE710F4E2549005C8EDA /* Unit Tests */ = {
			isa = PBXNativeTarget;
			buildConfigurationList = E23DBE770F4E254A005C8EDA /* Build configuration list for PBXNativeTarget "Unit Tests" */;
			buildPhases = (
				E23DBE6E0F4E2549005C8EDA /* Resources */,
				E23DBE6F0F4E2549005C8EDA /* Sources */,
				E23DBE700F4E2549005C8EDA /* Frameworks */,
				E23DBE7F0F4E25A0005C8EDA /* ShellScript */,
			);
			buildRules = (
			);
			dependencies = (
			);
			name = "Unit Tests";
			productName = "Unit Tests";
			productReference = E23DBE720F4E2549005C8EDA /* Unit Tests.app */;
			productType = "com.apple.product-type.application";
		};
/* End PBXNativeTarget section */

/* Begin PBXProject section */
		0867D690FE84028FC02AAC07 /* Project object */ = {
			isa = PBXProject;
			buildConfigurationList = 1DEB922208733DC00010E9CD /* Build configuration list for PBXProject "functionalkit" */;
			compatibilityVersion = "Xcode 3.1";
			hasScannedForEncodings = 1;
			mainGroup = 0867D691FE84028FC02AAC07 /* functionalkit */;
			productRefGroup = 034768DFFF38A50411DB9C8B /* Products */;
			projectDirPath = "";
			projectRoot = "";
			targets = (
				D2AAC07D0554694100DB518D /* functionalkit */,
				E23DBE710F4E2549005C8EDA /* Unit Tests */,
			);
		};
/* End PBXProject section */

/* Begin PBXResourcesBuildPhase section */
		E23DBE6E0F4E2549005C8EDA /* Resources */ = {
			isa = PBXResourcesBuildPhase;
			buildActionMask = 2147483647;
			files = (
			);
			runOnlyForDeploymentPostprocessing = 0;
		};
/* End PBXResourcesBuildPhase section */

/* Begin PBXShellScriptBuildPhase section */
		E23DBE7F0F4E25A0005C8EDA /* ShellScript */ = {
			isa = PBXShellScriptBuildPhase;
			buildActionMask = 2147483647;
			files = (
			);
			inputPaths = (
			);
			outputPaths = (
			);
			runOnlyForDeploymentPostprocessing = 0;
			shellPath = /bin/sh;
			shellScript = "Source/External/google-toolbox-for-mac-1-5-1/UnitTesting/RunIPhoneUnitTest.sh";
		};
/* End PBXShellScriptBuildPhase section */

/* Begin PBXSourcesBuildPhase section */
		D2AAC07B0554694100DB518D /* Sources */ = {
			isa = PBXSourcesBuildPhase;
			buildActionMask = 2147483647;
			files = (
				E23431600F6E72C90018BE5D /* FKPromise.m in Sources */,
				E23431620F6E72C90018BE5D /* FKEither.m in Sources */,
				E23431640F6E72C90018BE5D /* FKOption.m in Sources */,
				E23431660F6E72C90018BE5D /* FKEffect.m in Sources */,
				E23431680F6E72C90018BE5D /* FKFunction.m in Sources */,
				E234316B0F6E72C90018BE5D /* FKP1.m in Sources */,
				E234316D0F6E72C90018BE5D /* FKP2.m in Sources */,
				E234316F0F6E72C90018BE5D /* FKP3.m in Sources */,
				E23431710F6E72C90018BE5D /* FKUnit.m in Sources */,
				E23431730F6E72C90018BE5D /* FKEitherUnitTest.m in Sources */,
				E23431740F6E72C90018BE5D /* FKOptionUnitTest.m in Sources */,
				E23431750F6E72C90018BE5D /* FKFunctionTests.m in Sources */,
				E23431760F6E72C90018BE5D /* FKNewtypeTests.m in Sources */,
				E2843E660F7C6433004D8369 /* NSObject+FunctionalKit.m in Sources */,
				E2843EBB0F7C7004004D8369 /* NSArray+FunctionalKit.m in Sources */,
				47F1FA100F81E1CF00239B9F /* NSInvocation+FunctionalKit.m in Sources */,
				474BA4EC0F898AC100E41262 /* FKP4.m in Sources */,
				474BA4EE0F898AC100E41262 /* FKP5.m in Sources */,
				474BA4F00F898AC100E41262 /* FKP6.m in Sources */,
				474BA4F20F898AC100E41262 /* FKP7.m in Sources */,
				474BA4F40F898AC100E41262 /* FKP8.m in Sources */,
			);
			runOnlyForDeploymentPostprocessing = 0;
		};
		E23DBE6F0F4E2549005C8EDA /* Sources */ = {
			isa = PBXSourcesBuildPhase;
			buildActionMask = 2147483647;
			files = (
				E23DBE8F0F4E25F3005C8EDA /* GTMIPhoneUnitTestDelegate.m in Sources */,
				E23DBE900F4E25F3005C8EDA /* GTMIPhoneUnitTestMain.m in Sources */,
				E23DBE910F4E25F3005C8EDA /* GTMSenTestCase.m in Sources */,
				E23431790F6E72F20018BE5D /* FKEitherUnitTest.m in Sources */,
				E234317A0F6E72F30018BE5D /* FKFunctionTests.m in Sources */,
				E234317B0F6E72F40018BE5D /* FKNewtypeTests.m in Sources */,
				E234317C0F6E72F50018BE5D /* FKOptionUnitTest.m in Sources */,
				E23431E10F6F0DE00018BE5D /* FKEffect.m in Sources */,
				E23431E20F6F0DE00018BE5D /* FKEither.m in Sources */,
				E23431E30F6F0DE10018BE5D /* FKFunction.m in Sources */,
				E23431E40F6F0DE20018BE5D /* FKOption.m in Sources */,
				E23431E50F6F0DE30018BE5D /* FKP1.m in Sources */,
				E23431E60F6F0DE40018BE5D /* FKP2.m in Sources */,
				E23431E70F6F0DE50018BE5D /* FKP3.m in Sources */,
				E23431E80F6F0DE60018BE5D /* FKPromise.m in Sources */,
				E23431E90F6F0DE70018BE5D /* FKUnit.m in Sources */,
				E2843E670F7C6433004D8369 /* NSObject+FunctionalKit.m in Sources */,
				E2843EB60F7C6FFC004D8369 /* NSArrayExtensionsUnitTest.m in Sources */,
				E2843EB90F7C7004004D8369 /* NSArray+FunctionalKit.m in Sources */,
				E2065A910F8078AB0034E426 /* NSDictionaryExtensionsUnitTest.m in Sources */,
				E2065A940F8078EA0034E426 /* NSDictionary+FunctionalKit.m in Sources */,
				47F1FA0E0F81E1C800239B9F /* NSInvocation+FunctionalKit.m in Sources */,
				4770AB5D0F82DAEA00F287B3 /* FKFunction+Common.m in Sources */,
				4770AB670F82DCDE00F287B3 /* FKFunctionCommonTests.m in Sources */,
				474BA4E60F898AC100E41262 /* FKP4.m in Sources */,
				474BA4E70F898AC100E41262 /* FKP5.m in Sources */,
				474BA4E80F898AC100E41262 /* FKP6.m in Sources */,
				474BA4E90F898AC100E41262 /* FKP7.m in Sources */,
				474BA4EA0F898AC100E41262 /* FKP8.m in Sources */,
			);
			runOnlyForDeploymentPostprocessing = 0;
		};
/* End PBXSourcesBuildPhase section */

/* Begin XCBuildConfiguration section */
		1DEB921F08733DC00010E9CD /* Debug */ = {
			isa = XCBuildConfiguration;
			buildSettings = {
				ALWAYS_SEARCH_USER_PATHS = NO;
				ARCHS = "$(ARCHS_STANDARD_32_BIT)";
				COPY_PHASE_STRIP = NO;
				GCC_DYNAMIC_NO_PIC = NO;
				GCC_ENABLE_FIX_AND_CONTINUE = YES;
				GCC_MODEL_TUNING = G5;
				GCC_OPTIMIZATION_LEVEL = 0;
				GCC_PRECOMPILE_PREFIX_HEADER = YES;
				GCC_PREFIX_HEADER = "$(SRCROOT)/Source/Main/functionalkit_Prefix.pch";
				INSTALL_PATH = /usr/local/lib;
				LIBRARY_SEARCH_PATHS = (
					"$(inherited)",
					"\"$(SRCROOT)/Source/External/google-toolbox-for-mac-1-5-1/TigerGcov\"",
				);
				ONLY_ACTIVE_ARCH = YES;
				PRODUCT_NAME = functionalkit;
			};
			name = Debug;
		};
		1DEB922008733DC00010E9CD /* Release */ = {
			isa = XCBuildConfiguration;
			buildSettings = {
				ALWAYS_SEARCH_USER_PATHS = NO;
				ARCHS = "$(ARCHS_STANDARD_32_BIT)";
				DEBUG_INFORMATION_FORMAT = "dwarf-with-dsym";
				GCC_MODEL_TUNING = G5;
				GCC_PRECOMPILE_PREFIX_HEADER = YES;
				GCC_PREFIX_HEADER = "$(SRCROOT)/Source/Main/functionalkit_Prefix.pch";
				INSTALL_PATH = /usr/local/lib;
				LIBRARY_SEARCH_PATHS = (
					"$(inherited)",
					"\"$(SRCROOT)/Source/External/google-toolbox-for-mac-1-5-1/TigerGcov\"",
				);
				PRODUCT_NAME = functionalkit;
			};
			name = Release;
		};
		1DEB922308733DC00010E9CD /* Debug */ = {
			isa = XCBuildConfiguration;
			buildSettings = {
				ARCHS = "$(ARCHS_STANDARD_32_BIT)";
				GCC_C_LANGUAGE_STANDARD = c99;
				GCC_OPTIMIZATION_LEVEL = 0;
				GCC_WARN_ABOUT_RETURN_TYPE = YES;
				GCC_WARN_UNUSED_VARIABLE = YES;
				ONLY_ACTIVE_ARCH = YES;
				OTHER_LDFLAGS = "-ObjC";
				PREBINDING = NO;
				SDKROOT = iphoneos2.2;
			};
			name = Debug;
		};
		1DEB922408733DC00010E9CD /* Release */ = {
			isa = XCBuildConfiguration;
			buildSettings = {
				ARCHS = "$(ARCHS_STANDARD_32_BIT)";
				GCC_C_LANGUAGE_STANDARD = c99;
				GCC_WARN_ABOUT_RETURN_TYPE = YES;
				GCC_WARN_UNUSED_VARIABLE = YES;
				OTHER_LDFLAGS = "-ObjC";
				PREBINDING = NO;
				SDKROOT = iphoneos2.2;
			};
			name = Release;
		};
		E23DBE750F4E254A005C8EDA /* Debug */ = {
			isa = XCBuildConfiguration;
			buildSettings = {
				ALWAYS_SEARCH_USER_PATHS = NO;
				CODE_SIGN_IDENTITY = "iPhone Developer";
				COPY_PHASE_STRIP = NO;
				GCC_DYNAMIC_NO_PIC = NO;
				GCC_OPTIMIZATION_LEVEL = 0;
				GCC_PRECOMPILE_PREFIX_HEADER = YES;
				GCC_PREFIX_HEADER = "$(SRCROOT)/Source/External/google-toolbox-for-mac-1-5-1/GTM_Prefix.pch";
				INSTALL_PATH = "$(HOME)/Applications";
				LIBRARY_SEARCH_PATHS = (
					"$(inherited)",
					"\"$(SRCROOT)/Source/External/google-toolbox-for-mac-1-5-1/TigerGcov\"",
				);
				OTHER_LDFLAGS = (
					"-framework",
					Foundation,
					"-framework",
					UIKit,
				);
				PREBINDING = NO;
				PRODUCT_NAME = "Unit Tests";
				SDKROOT = iphoneos2.2.1;
			};
			name = Debug;
		};
		E23DBE760F4E254A005C8EDA /* Release */ = {
			isa = XCBuildConfiguration;
			buildSettings = {
				ALWAYS_SEARCH_USER_PATHS = NO;
				CODE_SIGN_IDENTITY = "iPhone Developer";
				COPY_PHASE_STRIP = YES;
				DEBUG_INFORMATION_FORMAT = "dwarf-with-dsym";
				GCC_ENABLE_FIX_AND_CONTINUE = NO;
				GCC_PRECOMPILE_PREFIX_HEADER = YES;
				GCC_PREFIX_HEADER = "$(SRCROOT)/Source/External/google-toolbox-for-mac-1-5-1/GTM_Prefix.pch";
				INSTALL_PATH = "$(HOME)/Applications";
				LIBRARY_SEARCH_PATHS = (
					"$(inherited)",
					"\"$(SRCROOT)/Source/External/google-toolbox-for-mac-1-5-1/TigerGcov\"",
				);
				OTHER_LDFLAGS = (
					"-framework",
					Foundation,
					"-framework",
					UIKit,
				);
				PREBINDING = NO;
				PRODUCT_NAME = "Unit Tests";
				SDKROOT = iphoneos2.2.1;
				ZERO_LINK = NO;
			};
			name = Release;
		};
/* End XCBuildConfiguration section */

/* Begin XCConfigurationList section */
		1DEB921E08733DC00010E9CD /* Build configuration list for PBXNativeTarget "functionalkit" */ = {
			isa = XCConfigurationList;
			buildConfigurations = (
				1DEB921F08733DC00010E9CD /* Debug */,
				1DEB922008733DC00010E9CD /* Release */,
			);
			defaultConfigurationIsVisible = 0;
			defaultConfigurationName = Release;
		};
		1DEB922208733DC00010E9CD /* Build configuration list for PBXProject "functionalkit" */ = {
			isa = XCConfigurationList;
			buildConfigurations = (
				1DEB922308733DC00010E9CD /* Debug */,
				1DEB922408733DC00010E9CD /* Release */,
			);
			defaultConfigurationIsVisible = 0;
			defaultConfigurationName = Release;
		};
		E23DBE770F4E254A005C8EDA /* Build configuration list for PBXNativeTarget "Unit Tests" */ = {
			isa = XCConfigurationList;
			buildConfigurations = (
				E23DBE750F4E254A005C8EDA /* Debug */,
				E23DBE760F4E254A005C8EDA /* Release */,
			);
			defaultConfigurationIsVisible = 0;
			defaultConfigurationName = Release;
		};
/* End XCConfigurationList section */
	};
	rootObject = 0867D690FE84028FC02AAC07 /* Project object */;
}
